// !$*UTF8*$!
{
	archiveVersion = 1;
	classes = {
	};
	objectVersion = 56;
	objects = {

/* Begin PBXBuildFile section */
		466DA36328E5A22B005E77DD /* KeyboardExtension.appex in Embed Foundation Extensions */ = {isa = PBXBuildFile; fileRef = 466DA35C28E5A22B005E77DD /* KeyboardExtension.appex */; settings = {ATTRIBUTES = (RemoveHeadersOnCopy, ); }; };
		466DA3A828E7D700005E77DD /* UnitTests.swift in Sources */ = {isa = PBXBuildFile; fileRef = 466DA3A728E7D700005E77DD /* UnitTests.swift */; };
		466DA3AF28E7D707005E77DD /* SyllableTests.swift in Sources */ = {isa = PBXBuildFile; fileRef = 466DA3AE28E7D707005E77DD /* SyllableTests.swift */; };
		466DA3B028E7D7F7005E77DD /* Syllable.swift in Sources */ = {isa = PBXBuildFile; fileRef = 466DA38128E7CF5A005E77DD /* Syllable.swift */; };
		466DA3B128E7D80A005E77DD /* Phoneme.swift in Sources */ = {isa = PBXBuildFile; fileRef = 466DA37128E73E02005E77DD /* Phoneme.swift */; };
		467002C328E963D4000B721E /* KeyboardViewModel.swift in Sources */ = {isa = PBXBuildFile; fileRef = 466DA37828E74161005E77DD /* KeyboardViewModel.swift */; };
		467002C528E963E4000B721E /* KeyboardModelTests.swift in Sources */ = {isa = PBXBuildFile; fileRef = 467002C428E963E4000B721E /* KeyboardModelTests.swift */; };
		63487F3828E2EA5E0033CF32 /* AppDelegate.swift in Sources */ = {isa = PBXBuildFile; fileRef = 63487F3728E2EA5E0033CF32 /* AppDelegate.swift */; };
		63487F3A28E2EA5E0033CF32 /* SceneDelegate.swift in Sources */ = {isa = PBXBuildFile; fileRef = 63487F3928E2EA5E0033CF32 /* SceneDelegate.swift */; };
		63487F3C28E2EA5E0033CF32 /* MainViewController.swift in Sources */ = {isa = PBXBuildFile; fileRef = 63487F3B28E2EA5E0033CF32 /* MainViewController.swift */; };
		63487F4128E2EA5E0033CF32 /* Assets.xcassets in Resources */ = {isa = PBXBuildFile; fileRef = 63487F4028E2EA5E0033CF32 /* Assets.xcassets */; };
		63487F4428E2EA5E0033CF32 /* LaunchScreen.storyboard in Resources */ = {isa = PBXBuildFile; fileRef = 63487F4228E2EA5E0033CF32 /* LaunchScreen.storyboard */; };
		B05AA9E328ED019800EB2CF3 /* UIColor+Extension.swift in Sources */ = {isa = PBXBuildFile; fileRef = B05AA9E028ED019800EB2CF3 /* UIColor+Extension.swift */; };
		B05AA9E428ED019800EB2CF3 /* UIColor+Extension.swift in Sources */ = {isa = PBXBuildFile; fileRef = B05AA9E028ED019800EB2CF3 /* UIColor+Extension.swift */; };
		B05AA9E528ED019800EB2CF3 /* UIColor+Extension.swift in Sources */ = {isa = PBXBuildFile; fileRef = B05AA9E028ED019800EB2CF3 /* UIColor+Extension.swift */; };
		B05AA9E628ED019800EB2CF3 /* UIFont+Extensions.swift in Sources */ = {isa = PBXBuildFile; fileRef = B05AA9E128ED019800EB2CF3 /* UIFont+Extensions.swift */; };
		B05AA9E728ED019800EB2CF3 /* UIFont+Extensions.swift in Sources */ = {isa = PBXBuildFile; fileRef = B05AA9E128ED019800EB2CF3 /* UIFont+Extensions.swift */; };
		B05AA9E828ED019800EB2CF3 /* UIFont+Extensions.swift in Sources */ = {isa = PBXBuildFile; fileRef = B05AA9E128ED019800EB2CF3 /* UIFont+Extensions.swift */; };
		B05AA9E928ED019800EB2CF3 /* UIStackView+Extension.swift in Sources */ = {isa = PBXBuildFile; fileRef = B05AA9E228ED019800EB2CF3 /* UIStackView+Extension.swift */; };
		B05AA9EA28ED019800EB2CF3 /* UIStackView+Extension.swift in Sources */ = {isa = PBXBuildFile; fileRef = B05AA9E228ED019800EB2CF3 /* UIStackView+Extension.swift */; };
		B05AA9EB28ED019800EB2CF3 /* UIStackView+Extension.swift in Sources */ = {isa = PBXBuildFile; fileRef = B05AA9E228ED019800EB2CF3 /* UIStackView+Extension.swift */; };
		B05F4CAF28ED01F000562C38 /* ReturnViewModel.swift in Sources */ = {isa = PBXBuildFile; fileRef = B05F4C9C28ED01F000562C38 /* ReturnViewModel.swift */; };
		B05F4CB028ED01F000562C38 /* ReturnViewModel.swift in Sources */ = {isa = PBXBuildFile; fileRef = B05F4C9C28ED01F000562C38 /* ReturnViewModel.swift */; };
		B05F4CB128ED01F000562C38 /* ShiftViewModel.swift in Sources */ = {isa = PBXBuildFile; fileRef = B05F4C9D28ED01F000562C38 /* ShiftViewModel.swift */; };
		B05F4CB228ED01F000562C38 /* ShiftViewModel.swift in Sources */ = {isa = PBXBuildFile; fileRef = B05F4C9D28ED01F000562C38 /* ShiftViewModel.swift */; };
		B05F4CB328ED01F000562C38 /* DeleteViewModel.swift in Sources */ = {isa = PBXBuildFile; fileRef = B05F4C9E28ED01F000562C38 /* DeleteViewModel.swift */; };
		B05F4CB428ED01F000562C38 /* DeleteViewModel.swift in Sources */ = {isa = PBXBuildFile; fileRef = B05F4C9E28ED01F000562C38 /* DeleteViewModel.swift */; };
		B05F4CB528ED01F000562C38 /* KeyboardViewModel.swift in Sources */ = {isa = PBXBuildFile; fileRef = B05F4C9F28ED01F000562C38 /* KeyboardViewModel.swift */; };
		B05F4CB628ED01F000562C38 /* KeyboardViewModel.swift in Sources */ = {isa = PBXBuildFile; fileRef = B05F4C9F28ED01F000562C38 /* KeyboardViewModel.swift */; };
		B05F4CB728ED01F000562C38 /* PhonemeViewModel.swift in Sources */ = {isa = PBXBuildFile; fileRef = B05F4CA028ED01F000562C38 /* PhonemeViewModel.swift */; };
		B05F4CB828ED01F000562C38 /* PhonemeViewModel.swift in Sources */ = {isa = PBXBuildFile; fileRef = B05F4CA028ED01F000562C38 /* PhonemeViewModel.swift */; };
		B05F4CB928ED01F000562C38 /* Phoneme.swift in Sources */ = {isa = PBXBuildFile; fileRef = B05F4CA228ED01F000562C38 /* Phoneme.swift */; };
		B05F4CBA28ED01F000562C38 /* Phoneme.swift in Sources */ = {isa = PBXBuildFile; fileRef = B05F4CA228ED01F000562C38 /* Phoneme.swift */; };
		B05F4CBB28ED01F000562C38 /* Syllable.swift in Sources */ = {isa = PBXBuildFile; fileRef = B05F4CA328ED01F000562C38 /* Syllable.swift */; };
		B05F4CBC28ED01F000562C38 /* Syllable.swift in Sources */ = {isa = PBXBuildFile; fileRef = B05F4CA328ED01F000562C38 /* Syllable.swift */; };
		B05F4CBD28ED01F000562C38 /* UITextDocumentProxy+Extension.swift in Sources */ = {isa = PBXBuildFile; fileRef = B05F4CA528ED01F000562C38 /* UITextDocumentProxy+Extension.swift */; };
		B05F4CBE28ED01F000562C38 /* UITextDocumentProxy+Extension.swift in Sources */ = {isa = PBXBuildFile; fileRef = B05F4CA528ED01F000562C38 /* UITextDocumentProxy+Extension.swift */; };
		B05F4CBF28ED01F000562C38 /* ShiftView.swift in Sources */ = {isa = PBXBuildFile; fileRef = B05F4CA828ED01F000562C38 /* ShiftView.swift */; };
		B05F4CC028ED01F000562C38 /* ShiftView.swift in Sources */ = {isa = PBXBuildFile; fileRef = B05F4CA828ED01F000562C38 /* ShiftView.swift */; };
		B05F4CC128ED01F000562C38 /* ChangeTypeView.swift in Sources */ = {isa = PBXBuildFile; fileRef = B05F4CA928ED01F000562C38 /* ChangeTypeView.swift */; };
		B05F4CC228ED01F000562C38 /* ChangeTypeView.swift in Sources */ = {isa = PBXBuildFile; fileRef = B05F4CA928ED01F000562C38 /* ChangeTypeView.swift */; };
		B05F4CC328ED01F000562C38 /* DeleteView.swift in Sources */ = {isa = PBXBuildFile; fileRef = B05F4CAA28ED01F000562C38 /* DeleteView.swift */; };
		B05F4CC428ED01F000562C38 /* DeleteView.swift in Sources */ = {isa = PBXBuildFile; fileRef = B05F4CAA28ED01F000562C38 /* DeleteView.swift */; };
		B05F4CC528ED01F000562C38 /* ReturnView.swift in Sources */ = {isa = PBXBuildFile; fileRef = B05F4CAB28ED01F000562C38 /* ReturnView.swift */; };
		B05F4CC628ED01F000562C38 /* ReturnView.swift in Sources */ = {isa = PBXBuildFile; fileRef = B05F4CAB28ED01F000562C38 /* ReturnView.swift */; };
		B05F4CC728ED01F000562C38 /* KeyboardViewController.swift in Sources */ = {isa = PBXBuildFile; fileRef = B05F4CAC28ED01F000562C38 /* KeyboardViewController.swift */; };
		B05F4CC828ED01F000562C38 /* KeyboardViewController.swift in Sources */ = {isa = PBXBuildFile; fileRef = B05F4CAC28ED01F000562C38 /* KeyboardViewController.swift */; };
		B05F4CC928ED01F000562C38 /* PhonemeView.swift in Sources */ = {isa = PBXBuildFile; fileRef = B05F4CAD28ED01F000562C38 /* PhonemeView.swift */; };
		B05F4CCA28ED01F000562C38 /* PhonemeView.swift in Sources */ = {isa = PBXBuildFile; fileRef = B05F4CAD28ED01F000562C38 /* PhonemeView.swift */; };
		B05F4CCC28ED01F000562C38 /* Info.plist in Resources */ = {isa = PBXBuildFile; fileRef = B05F4CAE28ED01F000562C38 /* Info.plist */; };
		B0B24E9128ED1742001ABBEA /* KeyboardView.swift in Sources */ = {isa = PBXBuildFile; fileRef = B0B24E9028ED1742001ABBEA /* KeyboardView.swift */; };
		B0B24E9328ED1912001ABBEA /* MainViewModel.swift in Sources */ = {isa = PBXBuildFile; fileRef = B0B24E9228ED1912001ABBEA /* MainViewModel.swift */; };
		B0B24E9528ED55AC001ABBEA /* ToolBarView.swift in Sources */ = {isa = PBXBuildFile; fileRef = B0B24E9428ED55AC001ABBEA /* ToolBarView.swift */; };
		B0B24E9728ED55C5001ABBEA /* ToolBarViewModel.swift in Sources */ = {isa = PBXBuildFile; fileRef = B0B24E9628ED55C5001ABBEA /* ToolBarViewModel.swift */; };
		B0B24E9928ED56B1001ABBEA /* ToolBarButtonView.swift in Sources */ = {isa = PBXBuildFile; fileRef = B0B24E9828ED56B1001ABBEA /* ToolBarButtonView.swift */; };
		B0B24E9D28ED58FD001ABBEA /* ToolBarButtonViewModel.swift in Sources */ = {isa = PBXBuildFile; fileRef = B0B24E9C28ED58FD001ABBEA /* ToolBarButtonViewModel.swift */; };
		B0B24E9F28ED5B0F001ABBEA /* Assets.xcassets in Resources */ = {isa = PBXBuildFile; fileRef = B0B24E9E28ED5B0F001ABBEA /* Assets.xcassets */; };
		D30E931728E5B27B009AB544 /* KeyboardImageView.swift in Sources */ = {isa = PBXBuildFile; fileRef = D30E931628E5B27B009AB544 /* KeyboardImageView.swift */; };
		D30E931928E69F19009AB544 /* TagView.swift in Sources */ = {isa = PBXBuildFile; fileRef = D30E931828E69F19009AB544 /* TagView.swift */; };
		D30E931D28E69F73009AB544 /* KeyWordView.swift in Sources */ = {isa = PBXBuildFile; fileRef = D30E931C28E69F73009AB544 /* KeyWordView.swift */; };
		D31AF13728EA96DA00BEE422 /* themView.swift in Sources */ = {isa = PBXBuildFile; fileRef = D31AF13628EA96DA00BEE422 /* themView.swift */; };
		D325D90628E9290700DFD0A1 /* ThemaCollectionViewCell.swift in Sources */ = {isa = PBXBuildFile; fileRef = D325D90528E9290700DFD0A1 /* ThemaCollectionViewCell.swift */; };
		D325D90828E95D7600DFD0A1 /* ButtonView.swift in Sources */ = {isa = PBXBuildFile; fileRef = D325D90728E95D7600DFD0A1 /* ButtonView.swift */; };
		D346C61C28EBEB3D00DAADE9 /* ButtonViewView.swift in Sources */ = {isa = PBXBuildFile; fileRef = D346C61B28EBEB3D00DAADE9 /* ButtonViewView.swift */; };
		D37DE32628EA80F7008B1A2A /* PurchasReviewModel.swift in Sources */ = {isa = PBXBuildFile; fileRef = D37DE32528EA80F7008B1A2A /* PurchasReviewModel.swift */; };
		D3A2C2CC28E6EE000093A633 /* KeyWordViewCell.swift in Sources */ = {isa = PBXBuildFile; fileRef = D3A2C2CB28E6EE000093A633 /* KeyWordViewCell.swift */; };
		D3A4761628E56CDA003CA79A /* TagCollectionViewCell.swift in Sources */ = {isa = PBXBuildFile; fileRef = D3A4761528E56CDA003CA79A /* TagCollectionViewCell.swift */; };
		D3D272B728E70D9C00BC6392 /* ThemaView.swift in Sources */ = {isa = PBXBuildFile; fileRef = D3D272B628E70D9C00BC6392 /* ThemaView.swift */; };
		D3D272BB28E8010B00BC6392 /* KeyWordModel.swift in Sources */ = {isa = PBXBuildFile; fileRef = D3D272BA28E8010A00BC6392 /* KeyWordModel.swift */; };
		D3D272BD28E8175300BC6392 /* PurchaseReviewView.swift in Sources */ = {isa = PBXBuildFile; fileRef = D3D272BC28E8175300BC6392 /* PurchaseReviewView.swift */; };
		D3D272C028E8200D00BC6392 /* PurchaseReviewTableViewCell.swift in Sources */ = {isa = PBXBuildFile; fileRef = D3D272BF28E8200D00BC6392 /* PurchaseReviewTableViewCell.swift */; };
/* End PBXBuildFile section */

/* Begin PBXContainerItemProxy section */
		466DA36128E5A22B005E77DD /* PBXContainerItemProxy */ = {
			isa = PBXContainerItemProxy;
			containerPortal = 63487F2C28E2EA5E0033CF32 /* Project object */;
			proxyType = 1;
			remoteGlobalIDString = 466DA35B28E5A22B005E77DD;
			remoteInfo = KeyboardExtension;
		};
		466DA3A928E7D700005E77DD /* PBXContainerItemProxy */ = {
			isa = PBXContainerItemProxy;
			containerPortal = 63487F2C28E2EA5E0033CF32 /* Project object */;
			proxyType = 1;
			remoteGlobalIDString = 63487F3328E2EA5E0033CF32;
			remoteInfo = "K-Keyboard";
		};
/* End PBXContainerItemProxy section */

/* Begin PBXCopyFilesBuildPhase section */
		466DA36428E5A22B005E77DD /* Embed Foundation Extensions */ = {
			isa = PBXCopyFilesBuildPhase;
			buildActionMask = 2147483647;
			dstPath = "";
			dstSubfolderSpec = 13;
			files = (
				466DA36328E5A22B005E77DD /* KeyboardExtension.appex in Embed Foundation Extensions */,
			);
			name = "Embed Foundation Extensions";
			runOnlyForDeploymentPostprocessing = 0;
		};
/* End PBXCopyFilesBuildPhase section */

/* Begin PBXFileReference section */
		466DA35C28E5A22B005E77DD /* KeyboardExtension.appex */ = {isa = PBXFileReference; explicitFileType = "wrapper.app-extension"; includeInIndex = 0; path = KeyboardExtension.appex; sourceTree = BUILT_PRODUCTS_DIR; };
		466DA36A28E73D23005E77DD /* PhonemeView.swift */ = {isa = PBXFileReference; lastKnownFileType = sourcecode.swift; path = PhonemeView.swift; sourceTree = "<group>"; };
		466DA36D28E73DC4005E77DD /* PhonemeViewModel.swift */ = {isa = PBXFileReference; lastKnownFileType = sourcecode.swift; path = PhonemeViewModel.swift; sourceTree = "<group>"; };
		466DA37128E73E02005E77DD /* Phoneme.swift */ = {isa = PBXFileReference; lastKnownFileType = sourcecode.swift; path = Phoneme.swift; sourceTree = "<group>"; };
		466DA37528E740E4005E77DD /* UIFont+Extensions.swift */ = {isa = PBXFileReference; lastKnownFileType = sourcecode.swift; path = "UIFont+Extensions.swift"; sourceTree = "<group>"; };
		466DA37828E74161005E77DD /* KeyboardViewModel.swift */ = {isa = PBXFileReference; lastKnownFileType = sourcecode.swift; path = KeyboardViewModel.swift; sourceTree = "<group>"; };
		466DA37C28E74226005E77DD /* KeyboardViewController.swift */ = {isa = PBXFileReference; lastKnownFileType = sourcecode.swift; path = KeyboardViewController.swift; sourceTree = "<group>"; };
		466DA37E28E74AED005E77DD /* UIColor+Extension.swift */ = {isa = PBXFileReference; lastKnownFileType = sourcecode.swift; path = "UIColor+Extension.swift"; sourceTree = "<group>"; };
		466DA38128E7CF5A005E77DD /* Syllable.swift */ = {isa = PBXFileReference; lastKnownFileType = sourcecode.swift; path = Syllable.swift; sourceTree = "<group>"; };
		466DA3A528E7D700005E77DD /* UnitTests.xctest */ = {isa = PBXFileReference; explicitFileType = wrapper.cfbundle; includeInIndex = 0; path = UnitTests.xctest; sourceTree = BUILT_PRODUCTS_DIR; };
		466DA3A728E7D700005E77DD /* UnitTests.swift */ = {isa = PBXFileReference; lastKnownFileType = sourcecode.swift; path = UnitTests.swift; sourceTree = "<group>"; };
		466DA3AE28E7D707005E77DD /* SyllableTests.swift */ = {isa = PBXFileReference; lastKnownFileType = sourcecode.swift; path = SyllableTests.swift; sourceTree = "<group>"; };
		467002C428E963E4000B721E /* KeyboardModelTests.swift */ = {isa = PBXFileReference; lastKnownFileType = sourcecode.swift; path = KeyboardModelTests.swift; sourceTree = "<group>"; };
		63487F3428E2EA5E0033CF32 /* K-Keyboard.app */ = {isa = PBXFileReference; explicitFileType = wrapper.application; includeInIndex = 0; path = "K-Keyboard.app"; sourceTree = BUILT_PRODUCTS_DIR; };
		63487F3728E2EA5E0033CF32 /* AppDelegate.swift */ = {isa = PBXFileReference; lastKnownFileType = sourcecode.swift; path = AppDelegate.swift; sourceTree = "<group>"; };
		63487F3928E2EA5E0033CF32 /* SceneDelegate.swift */ = {isa = PBXFileReference; lastKnownFileType = sourcecode.swift; path = SceneDelegate.swift; sourceTree = "<group>"; };
		63487F3B28E2EA5E0033CF32 /* MainViewController.swift */ = {isa = PBXFileReference; lastKnownFileType = sourcecode.swift; path = MainViewController.swift; sourceTree = "<group>"; };
		63487F4028E2EA5E0033CF32 /* Assets.xcassets */ = {isa = PBXFileReference; lastKnownFileType = folder.assetcatalog; path = Assets.xcassets; sourceTree = "<group>"; };
		63487F4328E2EA5E0033CF32 /* Base */ = {isa = PBXFileReference; lastKnownFileType = file.storyboard; name = Base; path = Base.lproj/LaunchScreen.storyboard; sourceTree = "<group>"; };
		63487F4528E2EA5E0033CF32 /* Info.plist */ = {isa = PBXFileReference; lastKnownFileType = text.plist.xml; path = Info.plist; sourceTree = "<group>"; };
		B05AA9E028ED019800EB2CF3 /* UIColor+Extension.swift */ = {isa = PBXFileReference; fileEncoding = 4; lastKnownFileType = sourcecode.swift; path = "UIColor+Extension.swift"; sourceTree = "<group>"; };
		B05AA9E128ED019800EB2CF3 /* UIFont+Extensions.swift */ = {isa = PBXFileReference; fileEncoding = 4; lastKnownFileType = sourcecode.swift; path = "UIFont+Extensions.swift"; sourceTree = "<group>"; };
		B05AA9E228ED019800EB2CF3 /* UIStackView+Extension.swift */ = {isa = PBXFileReference; fileEncoding = 4; lastKnownFileType = sourcecode.swift; path = "UIStackView+Extension.swift"; sourceTree = "<group>"; };
		B05F4C9C28ED01F000562C38 /* ReturnViewModel.swift */ = {isa = PBXFileReference; fileEncoding = 4; lastKnownFileType = sourcecode.swift; path = ReturnViewModel.swift; sourceTree = "<group>"; };
		B05F4C9D28ED01F000562C38 /* ShiftViewModel.swift */ = {isa = PBXFileReference; fileEncoding = 4; lastKnownFileType = sourcecode.swift; path = ShiftViewModel.swift; sourceTree = "<group>"; };
		B05F4C9E28ED01F000562C38 /* DeleteViewModel.swift */ = {isa = PBXFileReference; fileEncoding = 4; lastKnownFileType = sourcecode.swift; path = DeleteViewModel.swift; sourceTree = "<group>"; };
		B05F4C9F28ED01F000562C38 /* KeyboardViewModel.swift */ = {isa = PBXFileReference; fileEncoding = 4; lastKnownFileType = sourcecode.swift; path = KeyboardViewModel.swift; sourceTree = "<group>"; };
		B05F4CA028ED01F000562C38 /* PhonemeViewModel.swift */ = {isa = PBXFileReference; fileEncoding = 4; lastKnownFileType = sourcecode.swift; path = PhonemeViewModel.swift; sourceTree = "<group>"; };
		B05F4CA228ED01F000562C38 /* Phoneme.swift */ = {isa = PBXFileReference; fileEncoding = 4; lastKnownFileType = sourcecode.swift; path = Phoneme.swift; sourceTree = "<group>"; };
		B05F4CA328ED01F000562C38 /* Syllable.swift */ = {isa = PBXFileReference; fileEncoding = 4; lastKnownFileType = sourcecode.swift; path = Syllable.swift; sourceTree = "<group>"; };
		B05F4CA528ED01F000562C38 /* UITextDocumentProxy+Extension.swift */ = {isa = PBXFileReference; fileEncoding = 4; lastKnownFileType = sourcecode.swift; path = "UITextDocumentProxy+Extension.swift"; sourceTree = "<group>"; };
		B05F4CA828ED01F000562C38 /* ShiftView.swift */ = {isa = PBXFileReference; fileEncoding = 4; lastKnownFileType = sourcecode.swift; path = ShiftView.swift; sourceTree = "<group>"; };
		B05F4CA928ED01F000562C38 /* ChangeTypeView.swift */ = {isa = PBXFileReference; fileEncoding = 4; lastKnownFileType = sourcecode.swift; path = ChangeTypeView.swift; sourceTree = "<group>"; };
		B05F4CAA28ED01F000562C38 /* DeleteView.swift */ = {isa = PBXFileReference; fileEncoding = 4; lastKnownFileType = sourcecode.swift; path = DeleteView.swift; sourceTree = "<group>"; };
		B05F4CAB28ED01F000562C38 /* ReturnView.swift */ = {isa = PBXFileReference; fileEncoding = 4; lastKnownFileType = sourcecode.swift; path = ReturnView.swift; sourceTree = "<group>"; };
		B05F4CAC28ED01F000562C38 /* KeyboardViewController.swift */ = {isa = PBXFileReference; fileEncoding = 4; lastKnownFileType = sourcecode.swift; path = KeyboardViewController.swift; sourceTree = "<group>"; };
		B05F4CAD28ED01F000562C38 /* PhonemeView.swift */ = {isa = PBXFileReference; fileEncoding = 4; lastKnownFileType = sourcecode.swift; path = PhonemeView.swift; sourceTree = "<group>"; };
		B05F4CAE28ED01F000562C38 /* Info.plist */ = {isa = PBXFileReference; fileEncoding = 4; lastKnownFileType = text.plist.xml; path = Info.plist; sourceTree = "<group>"; };
		B0B24E9028ED1742001ABBEA /* KeyboardView.swift */ = {isa = PBXFileReference; lastKnownFileType = sourcecode.swift; path = KeyboardView.swift; sourceTree = "<group>"; };
		B0B24E9228ED1912001ABBEA /* MainViewModel.swift */ = {isa = PBXFileReference; lastKnownFileType = sourcecode.swift; path = MainViewModel.swift; sourceTree = "<group>"; };
		B0B24E9428ED55AC001ABBEA /* ToolBarView.swift */ = {isa = PBXFileReference; lastKnownFileType = sourcecode.swift; path = ToolBarView.swift; sourceTree = "<group>"; };
		B0B24E9628ED55C5001ABBEA /* ToolBarViewModel.swift */ = {isa = PBXFileReference; lastKnownFileType = sourcecode.swift; path = ToolBarViewModel.swift; sourceTree = "<group>"; };
		B0B24E9828ED56B1001ABBEA /* ToolBarButtonView.swift */ = {isa = PBXFileReference; lastKnownFileType = sourcecode.swift; path = ToolBarButtonView.swift; sourceTree = "<group>"; };
		B0B24E9C28ED58FD001ABBEA /* ToolBarButtonViewModel.swift */ = {isa = PBXFileReference; lastKnownFileType = sourcecode.swift; path = ToolBarButtonViewModel.swift; sourceTree = "<group>"; };
		B0B24E9E28ED5B0F001ABBEA /* Assets.xcassets */ = {isa = PBXFileReference; lastKnownFileType = folder.assetcatalog; path = Assets.xcassets; sourceTree = "<group>"; };
		D30E931628E5B27B009AB544 /* KeyboardImageView.swift */ = {isa = PBXFileReference; lastKnownFileType = sourcecode.swift; path = KeyboardImageView.swift; sourceTree = "<group>"; };
		D30E931828E69F19009AB544 /* TagView.swift */ = {isa = PBXFileReference; lastKnownFileType = sourcecode.swift; path = TagView.swift; sourceTree = "<group>"; };
		D30E931C28E69F73009AB544 /* KeyWordView.swift */ = {isa = PBXFileReference; lastKnownFileType = sourcecode.swift; path = KeyWordView.swift; sourceTree = "<group>"; };
		D31AF13628EA96DA00BEE422 /* themView.swift */ = {isa = PBXFileReference; lastKnownFileType = sourcecode.swift; path = themView.swift; sourceTree = "<group>"; };
		D325D90528E9290700DFD0A1 /* ThemaCollectionViewCell.swift */ = {isa = PBXFileReference; lastKnownFileType = sourcecode.swift; path = ThemaCollectionViewCell.swift; sourceTree = "<group>"; };
		D325D90728E95D7600DFD0A1 /* ButtonView.swift */ = {isa = PBXFileReference; lastKnownFileType = sourcecode.swift; path = ButtonView.swift; sourceTree = "<group>"; };
		D346C61B28EBEB3D00DAADE9 /* ButtonViewView.swift */ = {isa = PBXFileReference; lastKnownFileType = sourcecode.swift; path = ButtonViewView.swift; sourceTree = "<group>"; };
		D37DE32528EA80F7008B1A2A /* PurchasReviewModel.swift */ = {isa = PBXFileReference; lastKnownFileType = sourcecode.swift; path = PurchasReviewModel.swift; sourceTree = "<group>"; };
		D3A2C2CB28E6EE000093A633 /* KeyWordViewCell.swift */ = {isa = PBXFileReference; lastKnownFileType = sourcecode.swift; path = KeyWordViewCell.swift; sourceTree = "<group>"; };
		D3A4761528E56CDA003CA79A /* TagCollectionViewCell.swift */ = {isa = PBXFileReference; lastKnownFileType = sourcecode.swift; path = TagCollectionViewCell.swift; sourceTree = "<group>"; };
		D3D272B628E70D9C00BC6392 /* ThemaView.swift */ = {isa = PBXFileReference; lastKnownFileType = sourcecode.swift; path = ThemaView.swift; sourceTree = "<group>"; };
		D3D272BA28E8010A00BC6392 /* KeyWordModel.swift */ = {isa = PBXFileReference; lastKnownFileType = sourcecode.swift; path = KeyWordModel.swift; sourceTree = "<group>"; };
		D3D272BC28E8175300BC6392 /* PurchaseReviewView.swift */ = {isa = PBXFileReference; lastKnownFileType = sourcecode.swift; path = PurchaseReviewView.swift; sourceTree = "<group>"; };
		D3D272BF28E8200D00BC6392 /* PurchaseReviewTableViewCell.swift */ = {isa = PBXFileReference; lastKnownFileType = sourcecode.swift; path = PurchaseReviewTableViewCell.swift; sourceTree = "<group>"; };
/* End PBXFileReference section */

/* Begin PBXFrameworksBuildPhase section */
		466DA35928E5A22B005E77DD /* Frameworks */ = {
			isa = PBXFrameworksBuildPhase;
			buildActionMask = 2147483647;
			files = (
			);
			runOnlyForDeploymentPostprocessing = 0;
		};
		466DA3A228E7D700005E77DD /* Frameworks */ = {
			isa = PBXFrameworksBuildPhase;
			buildActionMask = 2147483647;
			files = (
			);
			runOnlyForDeploymentPostprocessing = 0;
		};
		63487F3128E2EA5E0033CF32 /* Frameworks */ = {
			isa = PBXFrameworksBuildPhase;
			buildActionMask = 2147483647;
			files = (
			);
			runOnlyForDeploymentPostprocessing = 0;
		};
/* End PBXFrameworksBuildPhase section */

/* Begin PBXGroup section */
		466DA3A628E7D700005E77DD /* UnitTests */ = {
			isa = PBXGroup;
			children = (
				466DA3A728E7D700005E77DD /* UnitTests.swift */,
				466DA3AE28E7D707005E77DD /* SyllableTests.swift */,
				467002C428E963E4000B721E /* KeyboardModelTests.swift */,
			);
			path = UnitTests;
			sourceTree = "<group>";
		};
		63487F2B28E2EA5E0033CF32 = {
			isa = PBXGroup;
			children = (
				63487F3628E2EA5E0033CF32 /* K-Keyboard */,
				B05F4C9928ED01F000562C38 /* KeyboardExtension */,
				B05AA9DE28ED019800EB2CF3 /* Common */,
				466DA3A628E7D700005E77DD /* UnitTests */,
				63487F3528E2EA5E0033CF32 /* Products */,
				B035822928ECFDE3002113F0 /* Recovered References */,
			);
			sourceTree = "<group>";
		};
		63487F3528E2EA5E0033CF32 /* Products */ = {
			isa = PBXGroup;
			children = (
				63487F3428E2EA5E0033CF32 /* K-Keyboard.app */,
				466DA35C28E5A22B005E77DD /* KeyboardExtension.appex */,
				466DA3A528E7D700005E77DD /* UnitTests.xctest */,
			);
			name = Products;
			sourceTree = "<group>";
		};
		63487F3628E2EA5E0033CF32 /* K-Keyboard */ = {
			isa = PBXGroup;
			children = (
				D3D272BE28E8191A00BC6392 /* MainView */,
				D3A4761928E5A5E1003CA79A /* KeyboardImageView */,
				D30E931A28E69F30009AB544 /* TagView */,
				D30E931B28E69F38009AB544 /* KeyWordView */,
				D3A2C2CD28E708360093A633 /* ThemaView */,
				D3A2C2CE28E708470093A633 /* PurchaseReviewView */,
				D346C61D28EC0C9500DAADE9 /* New Group */,
				D346C61E28EC0CC900DAADE9 /* Remainder */,
				63487F3728E2EA5E0033CF32 /* AppDelegate.swift */,
				63487F3928E2EA5E0033CF32 /* SceneDelegate.swift */,
				63487F4028E2EA5E0033CF32 /* Assets.xcassets */,
				63487F4228E2EA5E0033CF32 /* LaunchScreen.storyboard */,
				63487F4528E2EA5E0033CF32 /* Info.plist */,
			);
			path = "K-Keyboard";
			sourceTree = "<group>";
		};
		B035822928ECFDE3002113F0 /* Recovered References */ = {
			isa = PBXGroup;
			children = (
				466DA37E28E74AED005E77DD /* UIColor+Extension.swift */,
				466DA38128E7CF5A005E77DD /* Syllable.swift */,
				466DA37128E73E02005E77DD /* Phoneme.swift */,
				466DA36D28E73DC4005E77DD /* PhonemeViewModel.swift */,
				466DA37528E740E4005E77DD /* UIFont+Extensions.swift */,
				466DA37C28E74226005E77DD /* KeyboardViewController.swift */,
				466DA36A28E73D23005E77DD /* PhonemeView.swift */,
				466DA37828E74161005E77DD /* KeyboardViewModel.swift */,
			);
			name = "Recovered References";
			sourceTree = "<group>";
		};
		B05AA9DE28ED019800EB2CF3 /* Common */ = {
			isa = PBXGroup;
			children = (
				B05AA9DF28ED019800EB2CF3 /* Extensions */,
			);
			path = Common;
			sourceTree = "<group>";
		};
		B05AA9DF28ED019800EB2CF3 /* Extensions */ = {
			isa = PBXGroup;
			children = (
				B05AA9E028ED019800EB2CF3 /* UIColor+Extension.swift */,
				B05AA9E128ED019800EB2CF3 /* UIFont+Extensions.swift */,
				B05AA9E228ED019800EB2CF3 /* UIStackView+Extension.swift */,
			);
			path = Extensions;
			sourceTree = "<group>";
		};
		B05F4C9928ED01F000562C38 /* KeyboardExtension */ = {
			isa = PBXGroup;
			children = (
				B05F4CA428ED01F000562C38 /* Extensions */,
				B05F4CA128ED01F000562C38 /* Models */,
				B05F4C9A28ED01F000562C38 /* ViewModels */,
				B05F4CA628ED01F000562C38 /* Views */,
				B05F4CAE28ED01F000562C38 /* Info.plist */,
				B0B24E9E28ED5B0F001ABBEA /* Assets.xcassets */,
			);
			path = KeyboardExtension;
			sourceTree = "<group>";
		};
		B05F4C9A28ED01F000562C38 /* ViewModels */ = {
			isa = PBXGroup;
			children = (
				B05F4C9F28ED01F000562C38 /* KeyboardViewModel.swift */,
				B0B24E9228ED1912001ABBEA /* MainViewModel.swift */,
				B05F4CA028ED01F000562C38 /* PhonemeViewModel.swift */,
				B0B24E9628ED55C5001ABBEA /* ToolBarViewModel.swift */,
				B0B24E9C28ED58FD001ABBEA /* ToolBarButtonViewModel.swift */,
				B05F4C9B28ED01F000562C38 /* SpecialKeys */,
			);
			path = ViewModels;
			sourceTree = "<group>";
		};
		B05F4C9B28ED01F000562C38 /* SpecialKeys */ = {
			isa = PBXGroup;
			children = (
				B05F4C9E28ED01F000562C38 /* DeleteViewModel.swift */,
				B05F4C9C28ED01F000562C38 /* ReturnViewModel.swift */,
				B05F4C9D28ED01F000562C38 /* ShiftViewModel.swift */,
			);
			path = SpecialKeys;
			sourceTree = "<group>";
		};
		B05F4CA128ED01F000562C38 /* Models */ = {
			isa = PBXGroup;
			children = (
				B05F4CA228ED01F000562C38 /* Phoneme.swift */,
				B05F4CA328ED01F000562C38 /* Syllable.swift */,
			);
			path = Models;
			sourceTree = "<group>";
		};
		B05F4CA428ED01F000562C38 /* Extensions */ = {
			isa = PBXGroup;
			children = (
				B05F4CA528ED01F000562C38 /* UITextDocumentProxy+Extension.swift */,
			);
			path = Extensions;
			sourceTree = "<group>";
		};
		B05F4CA628ED01F000562C38 /* Views */ = {
			isa = PBXGroup;
			children = (
				B05F4CAC28ED01F000562C38 /* KeyboardViewController.swift */,
				B0B24E9028ED1742001ABBEA /* KeyboardView.swift */,
				B05F4CAD28ED01F000562C38 /* PhonemeView.swift */,
				B0B24E9428ED55AC001ABBEA /* ToolBarView.swift */,
				B0B24E9828ED56B1001ABBEA /* ToolBarButtonView.swift */,
				B05F4CA728ED01F000562C38 /* SpecialKeys */,
			);
			path = Views;
			sourceTree = "<group>";
		};
		B05F4CA728ED01F000562C38 /* SpecialKeys */ = {
			isa = PBXGroup;
			children = (
				B05F4CA928ED01F000562C38 /* ChangeTypeView.swift */,
				B05F4CAA28ED01F000562C38 /* DeleteView.swift */,
				B05F4CAB28ED01F000562C38 /* ReturnView.swift */,
				B05F4CA828ED01F000562C38 /* ShiftView.swift */,
			);
			path = SpecialKeys;
			sourceTree = "<group>";
		};
		D30E931A28E69F30009AB544 /* TagView */ = {
			isa = PBXGroup;
			children = (
				D30E931828E69F19009AB544 /* TagView.swift */,
				D3A4761528E56CDA003CA79A /* TagCollectionViewCell.swift */,
			);
			path = TagView;
			sourceTree = "<group>";
		};
		D30E931B28E69F38009AB544 /* KeyWordView */ = {
			isa = PBXGroup;
			children = (
				D30E931C28E69F73009AB544 /* KeyWordView.swift */,
				D3A2C2CB28E6EE000093A633 /* KeyWordViewCell.swift */,
				D3D272BA28E8010A00BC6392 /* KeyWordModel.swift */,
			);
			path = KeyWordView;
			sourceTree = "<group>";
		};
		D346C61D28EC0C9500DAADE9 /* New Group */ = {
			isa = PBXGroup;
			children = (
				D346C61B28EBEB3D00DAADE9 /* ButtonViewView.swift */,
				D325D90728E95D7600DFD0A1 /* ButtonView.swift */,
			);
			path = "New Group";
			sourceTree = "<group>";
		};
		D346C61E28EC0CC900DAADE9 /* Remainder */ = {
			isa = PBXGroup;
			children = (
			);
			name = Remainder;
			sourceTree = "<group>";
		};
		D3A2C2CD28E708360093A633 /* ThemaView */ = {
			isa = PBXGroup;
			children = (
				D3D272B628E70D9C00BC6392 /* ThemaView.swift */,
				D325D90528E9290700DFD0A1 /* ThemaCollectionViewCell.swift */,
				D31AF13628EA96DA00BEE422 /* themView.swift */,
			);
			path = ThemaView;
			sourceTree = "<group>";
		};
		D3A2C2CE28E708470093A633 /* PurchaseReviewView */ = {
			isa = PBXGroup;
			children = (
				D3D272BC28E8175300BC6392 /* PurchaseReviewView.swift */,
				D3D272BF28E8200D00BC6392 /* PurchaseReviewTableViewCell.swift */,
				D37DE32528EA80F7008B1A2A /* PurchasReviewModel.swift */,
			);
			path = PurchaseReviewView;
			sourceTree = "<group>";
		};
		D3A4761928E5A5E1003CA79A /* KeyboardImageView */ = {
			isa = PBXGroup;
			children = (
				D30E931628E5B27B009AB544 /* KeyboardImageView.swift */,
			);
			path = KeyboardImageView;
			sourceTree = "<group>";
		};
		D3D272BE28E8191A00BC6392 /* MainView */ = {
			isa = PBXGroup;
			children = (
				63487F3B28E2EA5E0033CF32 /* MainViewController.swift */,
			);
			path = MainView;
			sourceTree = "<group>";
		};
/* End PBXGroup section */

/* Begin PBXNativeTarget section */
		466DA35B28E5A22B005E77DD /* KeyboardExtension */ = {
			isa = PBXNativeTarget;
			buildConfigurationList = 466DA36728E5A22B005E77DD /* Build configuration list for PBXNativeTarget "KeyboardExtension" */;
			buildPhases = (
				466DA35828E5A22B005E77DD /* Sources */,
				466DA35928E5A22B005E77DD /* Frameworks */,
				466DA35A28E5A22B005E77DD /* Resources */,
			);
			buildRules = (
			);
			dependencies = (
			);
			name = KeyboardExtension;
			productName = KeyboardExtension;
			productReference = 466DA35C28E5A22B005E77DD /* KeyboardExtension.appex */;
			productType = "com.apple.product-type.app-extension";
		};
		466DA3A428E7D700005E77DD /* UnitTests */ = {
			isa = PBXNativeTarget;
			buildConfigurationList = 466DA3AB28E7D700005E77DD /* Build configuration list for PBXNativeTarget "UnitTests" */;
			buildPhases = (
				466DA3A128E7D700005E77DD /* Sources */,
				466DA3A228E7D700005E77DD /* Frameworks */,
				466DA3A328E7D700005E77DD /* Resources */,
			);
			buildRules = (
			);
			dependencies = (
				466DA3AA28E7D700005E77DD /* PBXTargetDependency */,
			);
			name = UnitTests;
			productName = UnitTests;
			productReference = 466DA3A528E7D700005E77DD /* UnitTests.xctest */;
			productType = "com.apple.product-type.bundle.unit-test";
		};
		63487F3328E2EA5E0033CF32 /* K-Keyboard */ = {
			isa = PBXNativeTarget;
			buildConfigurationList = 63487F4828E2EA5E0033CF32 /* Build configuration list for PBXNativeTarget "K-Keyboard" */;
			buildPhases = (
				63487F3028E2EA5E0033CF32 /* Sources */,
				63487F3128E2EA5E0033CF32 /* Frameworks */,
				63487F3228E2EA5E0033CF32 /* Resources */,
				466DA36428E5A22B005E77DD /* Embed Foundation Extensions */,
			);
			buildRules = (
			);
			dependencies = (
				466DA36228E5A22B005E77DD /* PBXTargetDependency */,
			);
			name = "K-Keyboard";
			productName = "K-Keyboard";
			productReference = 63487F3428E2EA5E0033CF32 /* K-Keyboard.app */;
			productType = "com.apple.product-type.application";
		};
/* End PBXNativeTarget section */

/* Begin PBXProject section */
		63487F2C28E2EA5E0033CF32 /* Project object */ = {
			isa = PBXProject;
			attributes = {
				BuildIndependentTargetsInParallel = 1;
				LastSwiftUpdateCheck = 1400;
				LastUpgradeCheck = 1400;
				TargetAttributes = {
					466DA35B28E5A22B005E77DD = {
						CreatedOnToolsVersion = 14.0.1;
					};
					466DA3A428E7D700005E77DD = {
						CreatedOnToolsVersion = 14.0.1;
						TestTargetID = 63487F3328E2EA5E0033CF32;
					};
					63487F3328E2EA5E0033CF32 = {
						CreatedOnToolsVersion = 14.0;
					};
				};
			};
			buildConfigurationList = 63487F2F28E2EA5E0033CF32 /* Build configuration list for PBXProject "K-Keyboard" */;
			compatibilityVersion = "Xcode 14.0";
			developmentRegion = en;
			hasScannedForEncodings = 0;
			knownRegions = (
				en,
				Base,
			);
			mainGroup = 63487F2B28E2EA5E0033CF32;
			productRefGroup = 63487F3528E2EA5E0033CF32 /* Products */;
			projectDirPath = "";
			projectRoot = "";
			targets = (
				63487F3328E2EA5E0033CF32 /* K-Keyboard */,
				466DA35B28E5A22B005E77DD /* KeyboardExtension */,
				466DA3A428E7D700005E77DD /* UnitTests */,
			);
		};
/* End PBXProject section */

/* Begin PBXResourcesBuildPhase section */
		466DA35A28E5A22B005E77DD /* Resources */ = {
			isa = PBXResourcesBuildPhase;
			buildActionMask = 2147483647;
			files = (
				B0B24E9F28ED5B0F001ABBEA /* Assets.xcassets in Resources */,
			);
			runOnlyForDeploymentPostprocessing = 0;
		};
		466DA3A328E7D700005E77DD /* Resources */ = {
			isa = PBXResourcesBuildPhase;
			buildActionMask = 2147483647;
			files = (
				B05F4CCC28ED01F000562C38 /* Info.plist in Resources */,
			);
			runOnlyForDeploymentPostprocessing = 0;
		};
		63487F3228E2EA5E0033CF32 /* Resources */ = {
			isa = PBXResourcesBuildPhase;
			buildActionMask = 2147483647;
			files = (
				63487F4428E2EA5E0033CF32 /* LaunchScreen.storyboard in Resources */,
				63487F4128E2EA5E0033CF32 /* Assets.xcassets in Resources */,
			);
			runOnlyForDeploymentPostprocessing = 0;
		};
/* End PBXResourcesBuildPhase section */

/* Begin PBXSourcesBuildPhase section */
		466DA35828E5A22B005E77DD /* Sources */ = {
			isa = PBXSourcesBuildPhase;
			buildActionMask = 2147483647;
			files = (
				B05F4CB128ED01F000562C38 /* ShiftViewModel.swift in Sources */,
				B0B24E9728ED55C5001ABBEA /* ToolBarViewModel.swift in Sources */,
				B0B24E9928ED56B1001ABBEA /* ToolBarButtonView.swift in Sources */,
				B05F4CC128ED01F000562C38 /* ChangeTypeView.swift in Sources */,
				B0B24E9528ED55AC001ABBEA /* ToolBarView.swift in Sources */,
				B05F4CC928ED01F000562C38 /* PhonemeView.swift in Sources */,
				B0B24E9128ED1742001ABBEA /* KeyboardView.swift in Sources */,
				B05F4CC528ED01F000562C38 /* ReturnView.swift in Sources */,
				B05F4CB728ED01F000562C38 /* PhonemeViewModel.swift in Sources */,
				B0B24E9D28ED58FD001ABBEA /* ToolBarButtonViewModel.swift in Sources */,
				B05F4CB328ED01F000562C38 /* DeleteViewModel.swift in Sources */,
				B05F4CB928ED01F000562C38 /* Phoneme.swift in Sources */,
				B05F4CAF28ED01F000562C38 /* ReturnViewModel.swift in Sources */,
				B05F4CC728ED01F000562C38 /* KeyboardViewController.swift in Sources */,
				B05F4CBD28ED01F000562C38 /* UITextDocumentProxy+Extension.swift in Sources */,
				B05F4CC328ED01F000562C38 /* DeleteView.swift in Sources */,
				B05AA9EA28ED019800EB2CF3 /* UIStackView+Extension.swift in Sources */,
				B0B24E9328ED1912001ABBEA /* MainViewModel.swift in Sources */,
				B05AA9E428ED019800EB2CF3 /* UIColor+Extension.swift in Sources */,
				B05F4CBB28ED01F000562C38 /* Syllable.swift in Sources */,
				B05F4CB528ED01F000562C38 /* KeyboardViewModel.swift in Sources */,
				B05AA9E728ED019800EB2CF3 /* UIFont+Extensions.swift in Sources */,
				B05F4CBF28ED01F000562C38 /* ShiftView.swift in Sources */,
			);
			runOnlyForDeploymentPostprocessing = 0;
		};
		466DA3A128E7D700005E77DD /* Sources */ = {
			isa = PBXSourcesBuildPhase;
			buildActionMask = 2147483647;
			files = (
				B05F4CBA28ED01F000562C38 /* Phoneme.swift in Sources */,
				B05F4CBC28ED01F000562C38 /* Syllable.swift in Sources */,
				B05F4CC628ED01F000562C38 /* ReturnView.swift in Sources */,
				B05F4CB028ED01F000562C38 /* ReturnViewModel.swift in Sources */,
				B05F4CCA28ED01F000562C38 /* PhonemeView.swift in Sources */,
				466DA3B128E7D80A005E77DD /* Phoneme.swift in Sources */,
				B05AA9E528ED019800EB2CF3 /* UIColor+Extension.swift in Sources */,
				B05F4CBE28ED01F000562C38 /* UITextDocumentProxy+Extension.swift in Sources */,
				467002C328E963D4000B721E /* KeyboardViewModel.swift in Sources */,
				B05F4CC228ED01F000562C38 /* ChangeTypeView.swift in Sources */,
				466DA3A828E7D700005E77DD /* UnitTests.swift in Sources */,
				B05F4CB828ED01F000562C38 /* PhonemeViewModel.swift in Sources */,
				B05AA9E828ED019800EB2CF3 /* UIFont+Extensions.swift in Sources */,
				B05F4CB228ED01F000562C38 /* ShiftViewModel.swift in Sources */,
				B05F4CC828ED01F000562C38 /* KeyboardViewController.swift in Sources */,
				B05F4CC028ED01F000562C38 /* ShiftView.swift in Sources */,
				B05F4CB428ED01F000562C38 /* DeleteViewModel.swift in Sources */,
				B05F4CB628ED01F000562C38 /* KeyboardViewModel.swift in Sources */,
				466DA3AF28E7D707005E77DD /* SyllableTests.swift in Sources */,
				B05AA9EB28ED019800EB2CF3 /* UIStackView+Extension.swift in Sources */,
				B05F4CC428ED01F000562C38 /* DeleteView.swift in Sources */,
				467002C528E963E4000B721E /* KeyboardModelTests.swift in Sources */,
				466DA3B028E7D7F7005E77DD /* Syllable.swift in Sources */,
			);
			runOnlyForDeploymentPostprocessing = 0;
		};
		63487F3028E2EA5E0033CF32 /* Sources */ = {
			isa = PBXSourcesBuildPhase;
			buildActionMask = 2147483647;
			files = (
				D31AF13728EA96DA00BEE422 /* themView.swift in Sources */,
				D3D272C028E8200D00BC6392 /* PurchaseReviewTableViewCell.swift in Sources */,
				D37DE32628EA80F7008B1A2A /* PurchasReviewModel.swift in Sources */,
				B05AA9E328ED019800EB2CF3 /* UIColor+Extension.swift in Sources */,
				D325D90628E9290700DFD0A1 /* ThemaCollectionViewCell.swift in Sources */,
				D325D90828E95D7600DFD0A1 /* ButtonView.swift in Sources */,
				D3D272B728E70D9C00BC6392 /* ThemaView.swift in Sources */,
				D3A2C2CC28E6EE000093A633 /* KeyWordViewCell.swift in Sources */,
				D3D272BB28E8010B00BC6392 /* KeyWordModel.swift in Sources */,
				B05AA9E628ED019800EB2CF3 /* UIFont+Extensions.swift in Sources */,
				D30E931D28E69F73009AB544 /* KeyWordView.swift in Sources */,
				D30E931928E69F19009AB544 /* TagView.swift in Sources */,
				63487F3C28E2EA5E0033CF32 /* MainViewController.swift in Sources */,
				B05AA9E928ED019800EB2CF3 /* UIStackView+Extension.swift in Sources */,
				63487F3828E2EA5E0033CF32 /* AppDelegate.swift in Sources */,
				D3A4761628E56CDA003CA79A /* TagCollectionViewCell.swift in Sources */,
				D30E931728E5B27B009AB544 /* KeyboardImageView.swift in Sources */,
				63487F3A28E2EA5E0033CF32 /* SceneDelegate.swift in Sources */,
				D346C61C28EBEB3D00DAADE9 /* ButtonViewView.swift in Sources */,
				D3D272BD28E8175300BC6392 /* PurchaseReviewView.swift in Sources */,
			);
			runOnlyForDeploymentPostprocessing = 0;
		};
/* End PBXSourcesBuildPhase section */

/* Begin PBXTargetDependency section */
		466DA36228E5A22B005E77DD /* PBXTargetDependency */ = {
			isa = PBXTargetDependency;
			target = 466DA35B28E5A22B005E77DD /* KeyboardExtension */;
			targetProxy = 466DA36128E5A22B005E77DD /* PBXContainerItemProxy */;
		};
		466DA3AA28E7D700005E77DD /* PBXTargetDependency */ = {
			isa = PBXTargetDependency;
			target = 63487F3328E2EA5E0033CF32 /* K-Keyboard */;
			targetProxy = 466DA3A928E7D700005E77DD /* PBXContainerItemProxy */;
		};
/* End PBXTargetDependency section */

/* Begin PBXVariantGroup section */
		63487F4228E2EA5E0033CF32 /* LaunchScreen.storyboard */ = {
			isa = PBXVariantGroup;
			children = (
				63487F4328E2EA5E0033CF32 /* Base */,
			);
			name = LaunchScreen.storyboard;
			sourceTree = "<group>";
		};
/* End PBXVariantGroup section */

/* Begin XCBuildConfiguration section */
		466DA36528E5A22B005E77DD /* Debug */ = {
			isa = XCBuildConfiguration;
			buildSettings = {
				CODE_SIGN_STYLE = Automatic;
				CURRENT_PROJECT_VERSION = 1;
				DEVELOPMENT_TEAM = U9B2QVCTVS;
				GENERATE_INFOPLIST_FILE = YES;
				INFOPLIST_FILE = KeyboardExtension/Info.plist;
				INFOPLIST_KEY_CFBundleDisplayName = KeyboardExtension;
				INFOPLIST_KEY_NSHumanReadableCopyright = "";
				LD_RUNPATH_SEARCH_PATHS = (
					"$(inherited)",
					"@executable_path/Frameworks",
					"@executable_path/../../Frameworks",
				);
				MARKETING_VERSION = 1.0;
				PRODUCT_BUNDLE_IDENTIFIER = "net.yagom.K-Keyboard.KeyboardExtension";
				PRODUCT_NAME = "$(TARGET_NAME)";
				SKIP_INSTALL = YES;
				SWIFT_EMIT_LOC_STRINGS = YES;
				SWIFT_VERSION = 5.0;
				TARGETED_DEVICE_FAMILY = "1,2";
			};
			name = Debug;
		};
		466DA36628E5A22B005E77DD /* Release */ = {
			isa = XCBuildConfiguration;
			buildSettings = {
				CODE_SIGN_STYLE = Automatic;
				CURRENT_PROJECT_VERSION = 1;
				DEVELOPMENT_TEAM = U9B2QVCTVS;
				GENERATE_INFOPLIST_FILE = YES;
				INFOPLIST_FILE = KeyboardExtension/Info.plist;
				INFOPLIST_KEY_CFBundleDisplayName = KeyboardExtension;
				INFOPLIST_KEY_NSHumanReadableCopyright = "";
				LD_RUNPATH_SEARCH_PATHS = (
					"$(inherited)",
					"@executable_path/Frameworks",
					"@executable_path/../../Frameworks",
				);
				MARKETING_VERSION = 1.0;
				PRODUCT_BUNDLE_IDENTIFIER = "net.yagom.K-Keyboard.KeyboardExtension";
				PRODUCT_NAME = "$(TARGET_NAME)";
				SKIP_INSTALL = YES;
				SWIFT_EMIT_LOC_STRINGS = YES;
				SWIFT_VERSION = 5.0;
				TARGETED_DEVICE_FAMILY = "1,2";
			};
			name = Release;
		};
		466DA3AC28E7D700005E77DD /* Debug */ = {
			isa = XCBuildConfiguration;
			buildSettings = {
				BUNDLE_LOADER = "$(TEST_HOST)";
				CODE_SIGN_STYLE = Automatic;
				CURRENT_PROJECT_VERSION = 1;
				GENERATE_INFOPLIST_FILE = YES;
				IPHONEOS_DEPLOYMENT_TARGET = 16.0;
				MARKETING_VERSION = 1.0;
				PRODUCT_BUNDLE_IDENTIFIER = me.codecamper.UnitTests;
				PRODUCT_NAME = "$(TARGET_NAME)";
				SWIFT_EMIT_LOC_STRINGS = NO;
				SWIFT_VERSION = 5.0;
				TARGETED_DEVICE_FAMILY = "1,2";
				TEST_HOST = "$(BUILT_PRODUCTS_DIR)/K-Keyboard.app/$(BUNDLE_EXECUTABLE_FOLDER_PATH)/K-Keyboard";
			};
			name = Debug;
		};
		466DA3AD28E7D700005E77DD /* Release */ = {
			isa = XCBuildConfiguration;
			buildSettings = {
				BUNDLE_LOADER = "$(TEST_HOST)";
				CODE_SIGN_STYLE = Automatic;
				CURRENT_PROJECT_VERSION = 1;
				GENERATE_INFOPLIST_FILE = YES;
				IPHONEOS_DEPLOYMENT_TARGET = 16.0;
				MARKETING_VERSION = 1.0;
				PRODUCT_BUNDLE_IDENTIFIER = me.codecamper.UnitTests;
				PRODUCT_NAME = "$(TARGET_NAME)";
				SWIFT_EMIT_LOC_STRINGS = NO;
				SWIFT_VERSION = 5.0;
				TARGETED_DEVICE_FAMILY = "1,2";
				TEST_HOST = "$(BUILT_PRODUCTS_DIR)/K-Keyboard.app/$(BUNDLE_EXECUTABLE_FOLDER_PATH)/K-Keyboard";
			};
			name = Release;
		};
		63487F4628E2EA5E0033CF32 /* Debug */ = {
			isa = XCBuildConfiguration;
			buildSettings = {
				ALWAYS_SEARCH_USER_PATHS = NO;
				CLANG_ANALYZER_NONNULL = YES;
				CLANG_ANALYZER_NUMBER_OBJECT_CONVERSION = YES_AGGRESSIVE;
				CLANG_CXX_LANGUAGE_STANDARD = "gnu++20";
				CLANG_ENABLE_MODULES = YES;
				CLANG_ENABLE_OBJC_ARC = YES;
				CLANG_ENABLE_OBJC_WEAK = YES;
				CLANG_WARN_BLOCK_CAPTURE_AUTORELEASING = YES;
				CLANG_WARN_BOOL_CONVERSION = YES;
				CLANG_WARN_COMMA = YES;
				CLANG_WARN_CONSTANT_CONVERSION = YES;
				CLANG_WARN_DEPRECATED_OBJC_IMPLEMENTATIONS = YES;
				CLANG_WARN_DIRECT_OBJC_ISA_USAGE = YES_ERROR;
				CLANG_WARN_DOCUMENTATION_COMMENTS = YES;
				CLANG_WARN_EMPTY_BODY = YES;
				CLANG_WARN_ENUM_CONVERSION = YES;
				CLANG_WARN_INFINITE_RECURSION = YES;
				CLANG_WARN_INT_CONVERSION = YES;
				CLANG_WARN_NON_LITERAL_NULL_CONVERSION = YES;
				CLANG_WARN_OBJC_IMPLICIT_RETAIN_SELF = YES;
				CLANG_WARN_OBJC_LITERAL_CONVERSION = YES;
				CLANG_WARN_OBJC_ROOT_CLASS = YES_ERROR;
				CLANG_WARN_QUOTED_INCLUDE_IN_FRAMEWORK_HEADER = YES;
				CLANG_WARN_RANGE_LOOP_ANALYSIS = YES;
				CLANG_WARN_STRICT_PROTOTYPES = YES;
				CLANG_WARN_SUSPICIOUS_MOVE = YES;
				CLANG_WARN_UNGUARDED_AVAILABILITY = YES_AGGRESSIVE;
				CLANG_WARN_UNREACHABLE_CODE = YES;
				CLANG_WARN__DUPLICATE_METHOD_MATCH = YES;
				COPY_PHASE_STRIP = NO;
				DEBUG_INFORMATION_FORMAT = dwarf;
				ENABLE_STRICT_OBJC_MSGSEND = YES;
				ENABLE_TESTABILITY = YES;
				GCC_C_LANGUAGE_STANDARD = gnu11;
				GCC_DYNAMIC_NO_PIC = NO;
				GCC_NO_COMMON_BLOCKS = YES;
				GCC_OPTIMIZATION_LEVEL = 0;
				GCC_PREPROCESSOR_DEFINITIONS = (
					"DEBUG=1",
					"$(inherited)",
				);
				GCC_WARN_64_TO_32_BIT_CONVERSION = YES;
				GCC_WARN_ABOUT_RETURN_TYPE = YES_ERROR;
				GCC_WARN_UNDECLARED_SELECTOR = YES;
				GCC_WARN_UNINITIALIZED_AUTOS = YES_AGGRESSIVE;
				GCC_WARN_UNUSED_FUNCTION = YES;
				GCC_WARN_UNUSED_VARIABLE = YES;
				IPHONEOS_DEPLOYMENT_TARGET = 16.0;
				MTL_ENABLE_DEBUG_INFO = INCLUDE_SOURCE;
				MTL_FAST_MATH = YES;
				ONLY_ACTIVE_ARCH = YES;
				SDKROOT = iphoneos;
				SWIFT_ACTIVE_COMPILATION_CONDITIONS = DEBUG;
				SWIFT_OPTIMIZATION_LEVEL = "-Onone";
			};
			name = Debug;
		};
		63487F4728E2EA5E0033CF32 /* Release */ = {
			isa = XCBuildConfiguration;
			buildSettings = {
				ALWAYS_SEARCH_USER_PATHS = NO;
				CLANG_ANALYZER_NONNULL = YES;
				CLANG_ANALYZER_NUMBER_OBJECT_CONVERSION = YES_AGGRESSIVE;
				CLANG_CXX_LANGUAGE_STANDARD = "gnu++20";
				CLANG_ENABLE_MODULES = YES;
				CLANG_ENABLE_OBJC_ARC = YES;
				CLANG_ENABLE_OBJC_WEAK = YES;
				CLANG_WARN_BLOCK_CAPTURE_AUTORELEASING = YES;
				CLANG_WARN_BOOL_CONVERSION = YES;
				CLANG_WARN_COMMA = YES;
				CLANG_WARN_CONSTANT_CONVERSION = YES;
				CLANG_WARN_DEPRECATED_OBJC_IMPLEMENTATIONS = YES;
				CLANG_WARN_DIRECT_OBJC_ISA_USAGE = YES_ERROR;
				CLANG_WARN_DOCUMENTATION_COMMENTS = YES;
				CLANG_WARN_EMPTY_BODY = YES;
				CLANG_WARN_ENUM_CONVERSION = YES;
				CLANG_WARN_INFINITE_RECURSION = YES;
				CLANG_WARN_INT_CONVERSION = YES;
				CLANG_WARN_NON_LITERAL_NULL_CONVERSION = YES;
				CLANG_WARN_OBJC_IMPLICIT_RETAIN_SELF = YES;
				CLANG_WARN_OBJC_LITERAL_CONVERSION = YES;
				CLANG_WARN_OBJC_ROOT_CLASS = YES_ERROR;
				CLANG_WARN_QUOTED_INCLUDE_IN_FRAMEWORK_HEADER = YES;
				CLANG_WARN_RANGE_LOOP_ANALYSIS = YES;
				CLANG_WARN_STRICT_PROTOTYPES = YES;
				CLANG_WARN_SUSPICIOUS_MOVE = YES;
				CLANG_WARN_UNGUARDED_AVAILABILITY = YES_AGGRESSIVE;
				CLANG_WARN_UNREACHABLE_CODE = YES;
				CLANG_WARN__DUPLICATE_METHOD_MATCH = YES;
				COPY_PHASE_STRIP = NO;
				DEBUG_INFORMATION_FORMAT = "dwarf-with-dsym";
				ENABLE_NS_ASSERTIONS = NO;
				ENABLE_STRICT_OBJC_MSGSEND = YES;
				GCC_C_LANGUAGE_STANDARD = gnu11;
				GCC_NO_COMMON_BLOCKS = YES;
				GCC_WARN_64_TO_32_BIT_CONVERSION = YES;
				GCC_WARN_ABOUT_RETURN_TYPE = YES_ERROR;
				GCC_WARN_UNDECLARED_SELECTOR = YES;
				GCC_WARN_UNINITIALIZED_AUTOS = YES_AGGRESSIVE;
				GCC_WARN_UNUSED_FUNCTION = YES;
				GCC_WARN_UNUSED_VARIABLE = YES;
				IPHONEOS_DEPLOYMENT_TARGET = 16.0;
				MTL_ENABLE_DEBUG_INFO = NO;
				MTL_FAST_MATH = YES;
				SDKROOT = iphoneos;
				SWIFT_COMPILATION_MODE = wholemodule;
				SWIFT_OPTIMIZATION_LEVEL = "-O";
				VALIDATE_PRODUCT = YES;
			};
			name = Release;
		};
		63487F4928E2EA5E0033CF32 /* Debug */ = {
			isa = XCBuildConfiguration;
			buildSettings = {
				ALWAYS_EMBED_SWIFT_STANDARD_LIBRARIES = YES;
				ASSETCATALOG_COMPILER_APPICON_NAME = AppIcon;
				ASSETCATALOG_COMPILER_GLOBAL_ACCENT_COLOR_NAME = AccentColor;
				CODE_SIGN_STYLE = Automatic;
				CURRENT_PROJECT_VERSION = 1;
				DEVELOPMENT_TEAM = U9B2QVCTVS;
				GENERATE_INFOPLIST_FILE = YES;
				INFOPLIST_FILE = "K-Keyboard/Info.plist";
				INFOPLIST_KEY_UIApplicationSupportsIndirectInputEvents = YES;
				INFOPLIST_KEY_UILaunchStoryboardName = LaunchScreen;
				INFOPLIST_KEY_UISupportedInterfaceOrientations_iPad = "UIInterfaceOrientationPortrait UIInterfaceOrientationPortraitUpsideDown UIInterfaceOrientationLandscapeLeft UIInterfaceOrientationLandscapeRight";
				INFOPLIST_KEY_UISupportedInterfaceOrientations_iPhone = "UIInterfaceOrientationPortrait UIInterfaceOrientationLandscapeLeft UIInterfaceOrientationLandscapeRight";
				LD_RUNPATH_SEARCH_PATHS = (
					"$(inherited)",
					"@executable_path/Frameworks",
				);
				MARKETING_VERSION = 1.0;
				PRODUCT_BUNDLE_IDENTIFIER = "net.yagom.K-Keyboard";
				PRODUCT_NAME = "$(TARGET_NAME)";
				SWIFT_EMIT_LOC_STRINGS = YES;
				SWIFT_VERSION = 5.0;
				TARGETED_DEVICE_FAMILY = "1,2";
			};
			name = Debug;
		};
		63487F4A28E2EA5E0033CF32 /* Release */ = {
			isa = XCBuildConfiguration;
			buildSettings = {
				ALWAYS_EMBED_SWIFT_STANDARD_LIBRARIES = YES;
				ASSETCATALOG_COMPILER_APPICON_NAME = AppIcon;
				ASSETCATALOG_COMPILER_GLOBAL_ACCENT_COLOR_NAME = AccentColor;
				CODE_SIGN_STYLE = Automatic;
				CURRENT_PROJECT_VERSION = 1;
				DEVELOPMENT_TEAM = U9B2QVCTVS;
				GENERATE_INFOPLIST_FILE = YES;
				INFOPLIST_FILE = "K-Keyboard/Info.plist";
				INFOPLIST_KEY_UIApplicationSupportsIndirectInputEvents = YES;
				INFOPLIST_KEY_UILaunchStoryboardName = LaunchScreen;
				INFOPLIST_KEY_UISupportedInterfaceOrientations_iPad = "UIInterfaceOrientationPortrait UIInterfaceOrientationPortraitUpsideDown UIInterfaceOrientationLandscapeLeft UIInterfaceOrientationLandscapeRight";
				INFOPLIST_KEY_UISupportedInterfaceOrientations_iPhone = "UIInterfaceOrientationPortrait UIInterfaceOrientationLandscapeLeft UIInterfaceOrientationLandscapeRight";
				LD_RUNPATH_SEARCH_PATHS = (
					"$(inherited)",
					"@executable_path/Frameworks",
				);
				MARKETING_VERSION = 1.0;
				PRODUCT_BUNDLE_IDENTIFIER = "net.yagom.K-Keyboard";
				PRODUCT_NAME = "$(TARGET_NAME)";
				SWIFT_EMIT_LOC_STRINGS = YES;
				SWIFT_VERSION = 5.0;
				TARGETED_DEVICE_FAMILY = "1,2";
			};
			name = Release;
		};
/* End XCBuildConfiguration section */

/* Begin XCConfigurationList section */
		466DA36728E5A22B005E77DD /* Build configuration list for PBXNativeTarget "KeyboardExtension" */ = {
			isa = XCConfigurationList;
			buildConfigurations = (
				466DA36528E5A22B005E77DD /* Debug */,
				466DA36628E5A22B005E77DD /* Release */,
			);
			defaultConfigurationIsVisible = 0;
			defaultConfigurationName = Release;
		};
		466DA3AB28E7D700005E77DD /* Build configuration list for PBXNativeTarget "UnitTests" */ = {
			isa = XCConfigurationList;
			buildConfigurations = (
				466DA3AC28E7D700005E77DD /* Debug */,
				466DA3AD28E7D700005E77DD /* Release */,
			);
			defaultConfigurationIsVisible = 0;
			defaultConfigurationName = Release;
		};
		63487F2F28E2EA5E0033CF32 /* Build configuration list for PBXProject "K-Keyboard" */ = {
			isa = XCConfigurationList;
			buildConfigurations = (
				63487F4628E2EA5E0033CF32 /* Debug */,
				63487F4728E2EA5E0033CF32 /* Release */,
			);
			defaultConfigurationIsVisible = 0;
			defaultConfigurationName = Release;
		};
		63487F4828E2EA5E0033CF32 /* Build configuration list for PBXNativeTarget "K-Keyboard" */ = {
			isa = XCConfigurationList;
			buildConfigurations = (
				63487F4928E2EA5E0033CF32 /* Debug */,
				63487F4A28E2EA5E0033CF32 /* Release */,
			);
			defaultConfigurationIsVisible = 0;
			defaultConfigurationName = Release;
		};
/* End XCConfigurationList section */
	};
	rootObject = 63487F2C28E2EA5E0033CF32 /* Project object */;
}
