// !$*UTF8*$!
{
	archiveVersion = 1;
	classes = {
	};
	objectVersion = 56;
	objects = {

/* Begin PBXBuildFile section */
		466DA35F28E5A22B005E77DD /* KeyboardViewController.swift in Sources */ = {isa = PBXBuildFile; fileRef = 466DA35E28E5A22B005E77DD /* KeyboardViewController.swift */; };
		466DA36328E5A22B005E77DD /* KeyboardExtension.appex in Embed Foundation Extensions */ = {isa = PBXBuildFile; fileRef = 466DA35C28E5A22B005E77DD /* KeyboardExtension.appex */; settings = {ATTRIBUTES = (RemoveHeadersOnCopy, ); }; };
		63487F3828E2EA5E0033CF32 /* AppDelegate.swift in Sources */ = {isa = PBXBuildFile; fileRef = 63487F3728E2EA5E0033CF32 /* AppDelegate.swift */; };
		63487F3A28E2EA5E0033CF32 /* SceneDelegate.swift in Sources */ = {isa = PBXBuildFile; fileRef = 63487F3928E2EA5E0033CF32 /* SceneDelegate.swift */; };
		63487F3C28E2EA5E0033CF32 /* MainViewController.swift in Sources */ = {isa = PBXBuildFile; fileRef = 63487F3B28E2EA5E0033CF32 /* MainViewController.swift */; };
		63487F4128E2EA5E0033CF32 /* Assets.xcassets in Resources */ = {isa = PBXBuildFile; fileRef = 63487F4028E2EA5E0033CF32 /* Assets.xcassets */; };
		63487F4428E2EA5E0033CF32 /* LaunchScreen.storyboard in Resources */ = {isa = PBXBuildFile; fileRef = 63487F4228E2EA5E0033CF32 /* LaunchScreen.storyboard */; };
		D30E931728E5B27B009AB544 /* keyboardImageView.swift in Sources */ = {isa = PBXBuildFile; fileRef = D30E931628E5B27B009AB544 /* keyboardImageView.swift */; };
		D30E931928E69F19009AB544 /* SecondView.swift in Sources */ = {isa = PBXBuildFile; fileRef = D30E931828E69F19009AB544 /* SecondView.swift */; };
		D30E931D28E69F73009AB544 /* ThirdView.swift in Sources */ = {isa = PBXBuildFile; fileRef = D30E931C28E69F73009AB544 /* ThirdView.swift */; };
		D30E932128E6A463009AB544 /* ThridViewController.swift in Sources */ = {isa = PBXBuildFile; fileRef = D30E932028E6A463009AB544 /* ThridViewController.swift */; };
		D3A4761628E56CDA003CA79A /* CollectionViewCell.swift in Sources */ = {isa = PBXBuildFile; fileRef = D3A4761528E56CDA003CA79A /* CollectionViewCell.swift */; };
/* End PBXBuildFile section */

/* Begin PBXContainerItemProxy section */
		466DA36128E5A22B005E77DD /* PBXContainerItemProxy */ = {
			isa = PBXContainerItemProxy;
			containerPortal = 63487F2C28E2EA5E0033CF32 /* Project object */;
			proxyType = 1;
			remoteGlobalIDString = 466DA35B28E5A22B005E77DD;
			remoteInfo = KeyboardExtension;
		};
/* End PBXContainerItemProxy section */

/* Begin PBXCopyFilesBuildPhase section */
		466DA36428E5A22B005E77DD /* Embed Foundation Extensions */ = {
			isa = PBXCopyFilesBuildPhase;
			buildActionMask = 2147483647;
			dstPath = "";
			dstSubfolderSpec = 13;
			files = (
				466DA36328E5A22B005E77DD /* KeyboardExtension.appex in Embed Foundation Extensions */,
			);
			name = "Embed Foundation Extensions";
			runOnlyForDeploymentPostprocessing = 0;
		};
/* End PBXCopyFilesBuildPhase section */

/* Begin PBXFileReference section */
		466DA35C28E5A22B005E77DD /* KeyboardExtension.appex */ = {isa = PBXFileReference; explicitFileType = "wrapper.app-extension"; includeInIndex = 0; path = KeyboardExtension.appex; sourceTree = BUILT_PRODUCTS_DIR; };
		466DA35E28E5A22B005E77DD /* KeyboardViewController.swift */ = {isa = PBXFileReference; lastKnownFileType = sourcecode.swift; path = KeyboardViewController.swift; sourceTree = "<group>"; };
		466DA36028E5A22B005E77DD /* Info.plist */ = {isa = PBXFileReference; lastKnownFileType = text.plist.xml; path = Info.plist; sourceTree = "<group>"; };
		63487F3428E2EA5E0033CF32 /* K-Keyboard.app */ = {isa = PBXFileReference; explicitFileType = wrapper.application; includeInIndex = 0; path = "K-Keyboard.app"; sourceTree = BUILT_PRODUCTS_DIR; };
		63487F3728E2EA5E0033CF32 /* AppDelegate.swift */ = {isa = PBXFileReference; lastKnownFileType = sourcecode.swift; path = AppDelegate.swift; sourceTree = "<group>"; };
		63487F3928E2EA5E0033CF32 /* SceneDelegate.swift */ = {isa = PBXFileReference; lastKnownFileType = sourcecode.swift; path = SceneDelegate.swift; sourceTree = "<group>"; };
		63487F3B28E2EA5E0033CF32 /* MainViewController.swift */ = {isa = PBXFileReference; lastKnownFileType = sourcecode.swift; path = MainViewController.swift; sourceTree = "<group>"; };
		63487F4028E2EA5E0033CF32 /* Assets.xcassets */ = {isa = PBXFileReference; lastKnownFileType = folder.assetcatalog; path = Assets.xcassets; sourceTree = "<group>"; };
		63487F4328E2EA5E0033CF32 /* Base */ = {isa = PBXFileReference; lastKnownFileType = file.storyboard; name = Base; path = Base.lproj/LaunchScreen.storyboard; sourceTree = "<group>"; };
		63487F4528E2EA5E0033CF32 /* Info.plist */ = {isa = PBXFileReference; lastKnownFileType = text.plist.xml; path = Info.plist; sourceTree = "<group>"; };
		D30E931628E5B27B009AB544 /* keyboardImageView.swift */ = {isa = PBXFileReference; lastKnownFileType = sourcecode.swift; path = keyboardImageView.swift; sourceTree = "<group>"; };
		D30E931828E69F19009AB544 /* SecondView.swift */ = {isa = PBXFileReference; lastKnownFileType = sourcecode.swift; path = SecondView.swift; sourceTree = "<group>"; };
		D30E931C28E69F73009AB544 /* ThirdView.swift */ = {isa = PBXFileReference; lastKnownFileType = sourcecode.swift; path = ThirdView.swift; sourceTree = "<group>"; };
		D30E932028E6A463009AB544 /* ThridViewController.swift */ = {isa = PBXFileReference; lastKnownFileType = sourcecode.swift; path = ThridViewController.swift; sourceTree = "<group>"; };
		D3A4761528E56CDA003CA79A /* CollectionViewCell.swift */ = {isa = PBXFileReference; lastKnownFileType = sourcecode.swift; path = CollectionViewCell.swift; sourceTree = "<group>"; };
/* End PBXFileReference section */

/* Begin PBXFrameworksBuildPhase section */
		466DA35928E5A22B005E77DD /* Frameworks */ = {
			isa = PBXFrameworksBuildPhase;
			buildActionMask = 2147483647;
			files = (
			);
			runOnlyForDeploymentPostprocessing = 0;
		};
		63487F3128E2EA5E0033CF32 /* Frameworks */ = {
			isa = PBXFrameworksBuildPhase;
			buildActionMask = 2147483647;
			files = (
			);
			runOnlyForDeploymentPostprocessing = 0;
		};
/* End PBXFrameworksBuildPhase section */

/* Begin PBXGroup section */
		466DA35D28E5A22B005E77DD /* KeyboardExtension */ = {
			isa = PBXGroup;
			children = (
				466DA35E28E5A22B005E77DD /* KeyboardViewController.swift */,
				466DA36028E5A22B005E77DD /* Info.plist */,
			);
			path = KeyboardExtension;
			sourceTree = "<group>";
		};
		63487F2B28E2EA5E0033CF32 = {
			isa = PBXGroup;
			children = (
				63487F3628E2EA5E0033CF32 /* K-Keyboard */,
				466DA35D28E5A22B005E77DD /* KeyboardExtension */,
				63487F3528E2EA5E0033CF32 /* Products */,
			);
			sourceTree = "<group>";
		};
		63487F3528E2EA5E0033CF32 /* Products */ = {
			isa = PBXGroup;
			children = (
				63487F3428E2EA5E0033CF32 /* K-Keyboard.app */,
				466DA35C28E5A22B005E77DD /* KeyboardExtension.appex */,
			);
			name = Products;
			sourceTree = "<group>";
		};
		63487F3628E2EA5E0033CF32 /* K-Keyboard */ = {
			isa = PBXGroup;
			children = (
				D3A4761928E5A5E1003CA79A /* FirstView */,
				D30E931A28E69F30009AB544 /* SecondView */,
				D30E931B28E69F38009AB544 /* ThirdView */,
				63487F3B28E2EA5E0033CF32 /* MainViewController.swift */,
				63487F3728E2EA5E0033CF32 /* AppDelegate.swift */,
				63487F3928E2EA5E0033CF32 /* SceneDelegate.swift */,
				D3A4761528E56CDA003CA79A /* CollectionViewCell.swift */,
				63487F4028E2EA5E0033CF32 /* Assets.xcassets */,
				63487F4228E2EA5E0033CF32 /* LaunchScreen.storyboard */,
				63487F4528E2EA5E0033CF32 /* Info.plist */,
			);
			path = "K-Keyboard";
			sourceTree = "<group>";
		};
		D30E931A28E69F30009AB544 /* SecondView */ = {
			isa = PBXGroup;
			children = (
				D30E931828E69F19009AB544 /* SecondView.swift */,
			);
			path = SecondView;
			sourceTree = "<group>";
		};
		D30E931B28E69F38009AB544 /* ThirdView */ = {
			isa = PBXGroup;
			children = (
				D30E931C28E69F73009AB544 /* ThirdView.swift */,
				D30E932028E6A463009AB544 /* ThridViewController.swift */,
			);
			path = ThirdView;
			sourceTree = "<group>";
		};
		D3A4761928E5A5E1003CA79A /* FirstView */ = {
			isa = PBXGroup;
			children = (
				D30E931628E5B27B009AB544 /* keyboardImageView.swift */,
			);
			path = FirstView;
			sourceTree = "<group>";
		};
/* End PBXGroup section */

/* Begin PBXNativeTarget section */
		466DA35B28E5A22B005E77DD /* KeyboardExtension */ = {
			isa = PBXNativeTarget;
			buildConfigurationList = 466DA36728E5A22B005E77DD /* Build configuration list for PBXNativeTarget "KeyboardExtension" */;
			buildPhases = (
				466DA35828E5A22B005E77DD /* Sources */,
				466DA35928E5A22B005E77DD /* Frameworks */,
				466DA35A28E5A22B005E77DD /* Resources */,
			);
			buildRules = (
			);
			dependencies = (
			);
			name = KeyboardExtension;
			productName = KeyboardExtension;
			productReference = 466DA35C28E5A22B005E77DD /* KeyboardExtension.appex */;
			productType = "com.apple.product-type.app-extension";
		};
		63487F3328E2EA5E0033CF32 /* K-Keyboard */ = {
			isa = PBXNativeTarget;
			buildConfigurationList = 63487F4828E2EA5E0033CF32 /* Build configuration list for PBXNativeTarget "K-Keyboard" */;
			buildPhases = (
				63487F3028E2EA5E0033CF32 /* Sources */,
				63487F3128E2EA5E0033CF32 /* Frameworks */,
				63487F3228E2EA5E0033CF32 /* Resources */,
				466DA36428E5A22B005E77DD /* Embed Foundation Extensions */,
			);
			buildRules = (
			);
			dependencies = (
				466DA36228E5A22B005E77DD /* PBXTargetDependency */,
			);
			name = "K-Keyboard";
			productName = "K-Keyboard";
			productReference = 63487F3428E2EA5E0033CF32 /* K-Keyboard.app */;
			productType = "com.apple.product-type.application";
		};
/* End PBXNativeTarget section */

/* Begin PBXProject section */
		63487F2C28E2EA5E0033CF32 /* Project object */ = {
			isa = PBXProject;
			attributes = {
				BuildIndependentTargetsInParallel = 1;
				LastSwiftUpdateCheck = 1400;
				LastUpgradeCheck = 1400;
				TargetAttributes = {
					466DA35B28E5A22B005E77DD = {
						CreatedOnToolsVersion = 14.0.1;
					};
					63487F3328E2EA5E0033CF32 = {
						CreatedOnToolsVersion = 14.0;
					};
				};
			};
			buildConfigurationList = 63487F2F28E2EA5E0033CF32 /* Build configuration list for PBXProject "K-Keyboard" */;
			compatibilityVersion = "Xcode 14.0";
			developmentRegion = en;
			hasScannedForEncodings = 0;
			knownRegions = (
				en,
				Base,
			);
			mainGroup = 63487F2B28E2EA5E0033CF32;
			productRefGroup = 63487F3528E2EA5E0033CF32 /* Products */;
			projectDirPath = "";
			projectRoot = "";
			targets = (
				63487F3328E2EA5E0033CF32 /* K-Keyboard */,
				466DA35B28E5A22B005E77DD /* KeyboardExtension */,
			);
		};
/* End PBXProject section */

/* Begin PBXResourcesBuildPhase section */
		466DA35A28E5A22B005E77DD /* Resources */ = {
			isa = PBXResourcesBuildPhase;
			buildActionMask = 2147483647;
			files = (
			);
			runOnlyForDeploymentPostprocessing = 0;
		};
		63487F3228E2EA5E0033CF32 /* Resources */ = {
			isa = PBXResourcesBuildPhase;
			buildActionMask = 2147483647;
			files = (
				63487F4428E2EA5E0033CF32 /* LaunchScreen.storyboard in Resources */,
				63487F4128E2EA5E0033CF32 /* Assets.xcassets in Resources */,
			);
			runOnlyForDeploymentPostprocessing = 0;
		};
/* End PBXResourcesBuildPhase section */

/* Begin PBXSourcesBuildPhase section */
		466DA35828E5A22B005E77DD /* Sources */ = {
			isa = PBXSourcesBuildPhase;
			buildActionMask = 2147483647;
			files = (
				466DA35F28E5A22B005E77DD /* KeyboardViewController.swift in Sources */,
			);
			runOnlyForDeploymentPostprocessing = 0;
		};
		63487F3028E2EA5E0033CF32 /* Sources */ = {
			isa = PBXSourcesBuildPhase;
			buildActionMask = 2147483647;
			files = (
				D30E931D28E69F73009AB544 /* ThirdView.swift in Sources */,
				D30E931928E69F19009AB544 /* SecondView.swift in Sources */,
				63487F3C28E2EA5E0033CF32 /* MainViewController.swift in Sources */,
				63487F3828E2EA5E0033CF32 /* AppDelegate.swift in Sources */,
				D3A4761628E56CDA003CA79A /* CollectionViewCell.swift in Sources */,
				D30E931728E5B27B009AB544 /* keyboardImageView.swift in Sources */,
				D30E932128E6A463009AB544 /* ThridViewController.swift in Sources */,
				63487F3A28E2EA5E0033CF32 /* SceneDelegate.swift in Sources */,
			);
			runOnlyForDeploymentPostprocessing = 0;
		};
/* End PBXSourcesBuildPhase section */

/* Begin PBXTargetDependency section */
		466DA36228E5A22B005E77DD /* PBXTargetDependency */ = {
			isa = PBXTargetDependency;
			target = 466DA35B28E5A22B005E77DD /* KeyboardExtension */;
			targetProxy = 466DA36128E5A22B005E77DD /* PBXContainerItemProxy */;
		};
/* End PBXTargetDependency section */

/* Begin PBXVariantGroup section */
		63487F4228E2EA5E0033CF32 /* LaunchScreen.storyboard */ = {
			isa = PBXVariantGroup;
			children = (
				63487F4328E2EA5E0033CF32 /* Base */,
			);
			name = LaunchScreen.storyboard;
			sourceTree = "<group>";
		};
/* End PBXVariantGroup section */

/* Begin XCBuildConfiguration section */
		466DA36528E5A22B005E77DD /* Debug */ = {
			isa = XCBuildConfiguration;
			buildSettings = {
				CODE_SIGN_STYLE = Automatic;
				CURRENT_PROJECT_VERSION = 1;
				GENERATE_INFOPLIST_FILE = YES;
				INFOPLIST_FILE = KeyboardExtension/Info.plist;
				INFOPLIST_KEY_CFBundleDisplayName = KeyboardExtension;
				INFOPLIST_KEY_NSHumanReadableCopyright = "";
				LD_RUNPATH_SEARCH_PATHS = (
					"$(inherited)",
					"@executable_path/Frameworks",
					"@executable_path/../../Frameworks",
				);
				MARKETING_VERSION = 1.0;
				PRODUCT_BUNDLE_IDENTIFIER = "net.yagom.K-Keyboard.KeyboardExtension";
				PRODUCT_NAME = "$(TARGET_NAME)";
				SKIP_INSTALL = YES;
				SWIFT_EMIT_LOC_STRINGS = YES;
				SWIFT_VERSION = 5.0;
				TARGETED_DEVICE_FAMILY = "1,2";
			};
			name = Debug;
		};
		466DA36628E5A22B005E77DD /* Release */ = {
			isa = XCBuildConfiguration;
			buildSettings = {
				CODE_SIGN_STYLE = Automatic;
				CURRENT_PROJECT_VERSION = 1;
				GENERATE_INFOPLIST_FILE = YES;
				INFOPLIST_FILE = KeyboardExtension/Info.plist;
				INFOPLIST_KEY_CFBundleDisplayName = KeyboardExtension;
				INFOPLIST_KEY_NSHumanReadableCopyright = "";
				LD_RUNPATH_SEARCH_PATHS = (
					"$(inherited)",
					"@executable_path/Frameworks",
					"@executable_path/../../Frameworks",
				);
				MARKETING_VERSION = 1.0;
				PRODUCT_BUNDLE_IDENTIFIER = "net.yagom.K-Keyboard.KeyboardExtension";
				PRODUCT_NAME = "$(TARGET_NAME)";
				SKIP_INSTALL = YES;
				SWIFT_EMIT_LOC_STRINGS = YES;
				SWIFT_VERSION = 5.0;
				TARGETED_DEVICE_FAMILY = "1,2";
			};
			name = Release;
		};
		63487F4628E2EA5E0033CF32 /* Debug */ = {
			isa = XCBuildConfiguration;
			buildSettings = {
				ALWAYS_SEARCH_USER_PATHS = NO;
				CLANG_ANALYZER_NONNULL = YES;
				CLANG_ANALYZER_NUMBER_OBJECT_CONVERSION = YES_AGGRESSIVE;
				CLANG_CXX_LANGUAGE_STANDARD = "gnu++20";
				CLANG_ENABLE_MODULES = YES;
				CLANG_ENABLE_OBJC_ARC = YES;
				CLANG_ENABLE_OBJC_WEAK = YES;
				CLANG_WARN_BLOCK_CAPTURE_AUTORELEASING = YES;
				CLANG_WARN_BOOL_CONVERSION = YES;
				CLANG_WARN_COMMA = YES;
				CLANG_WARN_CONSTANT_CONVERSION = YES;
				CLANG_WARN_DEPRECATED_OBJC_IMPLEMENTATIONS = YES;
				CLANG_WARN_DIRECT_OBJC_ISA_USAGE = YES_ERROR;
				CLANG_WARN_DOCUMENTATION_COMMENTS = YES;
				CLANG_WARN_EMPTY_BODY = YES;
				CLANG_WARN_ENUM_CONVERSION = YES;
				CLANG_WARN_INFINITE_RECURSION = YES;
				CLANG_WARN_INT_CONVERSION = YES;
				CLANG_WARN_NON_LITERAL_NULL_CONVERSION = YES;
				CLANG_WARN_OBJC_IMPLICIT_RETAIN_SELF = YES;
				CLANG_WARN_OBJC_LITERAL_CONVERSION = YES;
				CLANG_WARN_OBJC_ROOT_CLASS = YES_ERROR;
				CLANG_WARN_QUOTED_INCLUDE_IN_FRAMEWORK_HEADER = YES;
				CLANG_WARN_RANGE_LOOP_ANALYSIS = YES;
				CLANG_WARN_STRICT_PROTOTYPES = YES;
				CLANG_WARN_SUSPICIOUS_MOVE = YES;
				CLANG_WARN_UNGUARDED_AVAILABILITY = YES_AGGRESSIVE;
				CLANG_WARN_UNREACHABLE_CODE = YES;
				CLANG_WARN__DUPLICATE_METHOD_MATCH = YES;
				COPY_PHASE_STRIP = NO;
				DEBUG_INFORMATION_FORMAT = dwarf;
				ENABLE_STRICT_OBJC_MSGSEND = YES;
				ENABLE_TESTABILITY = YES;
				GCC_C_LANGUAGE_STANDARD = gnu11;
				GCC_DYNAMIC_NO_PIC = NO;
				GCC_NO_COMMON_BLOCKS = YES;
				GCC_OPTIMIZATION_LEVEL = 0;
				GCC_PREPROCESSOR_DEFINITIONS = (
					"DEBUG=1",
					"$(inherited)",
				);
				GCC_WARN_64_TO_32_BIT_CONVERSION = YES;
				GCC_WARN_ABOUT_RETURN_TYPE = YES_ERROR;
				GCC_WARN_UNDECLARED_SELECTOR = YES;
				GCC_WARN_UNINITIALIZED_AUTOS = YES_AGGRESSIVE;
				GCC_WARN_UNUSED_FUNCTION = YES;
				GCC_WARN_UNUSED_VARIABLE = YES;
				IPHONEOS_DEPLOYMENT_TARGET = 16.0;
				MTL_ENABLE_DEBUG_INFO = INCLUDE_SOURCE;
				MTL_FAST_MATH = YES;
				ONLY_ACTIVE_ARCH = YES;
				SDKROOT = iphoneos;
				SWIFT_ACTIVE_COMPILATION_CONDITIONS = DEBUG;
				SWIFT_OPTIMIZATION_LEVEL = "-Onone";
			};
			name = Debug;
		};
		63487F4728E2EA5E0033CF32 /* Release */ = {
			isa = XCBuildConfiguration;
			buildSettings = {
				ALWAYS_SEARCH_USER_PATHS = NO;
				CLANG_ANALYZER_NONNULL = YES;
				CLANG_ANALYZER_NUMBER_OBJECT_CONVERSION = YES_AGGRESSIVE;
				CLANG_CXX_LANGUAGE_STANDARD = "gnu++20";
				CLANG_ENABLE_MODULES = YES;
				CLANG_ENABLE_OBJC_ARC = YES;
				CLANG_ENABLE_OBJC_WEAK = YES;
				CLANG_WARN_BLOCK_CAPTURE_AUTORELEASING = YES;
				CLANG_WARN_BOOL_CONVERSION = YES;
				CLANG_WARN_COMMA = YES;
				CLANG_WARN_CONSTANT_CONVERSION = YES;
				CLANG_WARN_DEPRECATED_OBJC_IMPLEMENTATIONS = YES;
				CLANG_WARN_DIRECT_OBJC_ISA_USAGE = YES_ERROR;
				CLANG_WARN_DOCUMENTATION_COMMENTS = YES;
				CLANG_WARN_EMPTY_BODY = YES;
				CLANG_WARN_ENUM_CONVERSION = YES;
				CLANG_WARN_INFINITE_RECURSION = YES;
				CLANG_WARN_INT_CONVERSION = YES;
				CLANG_WARN_NON_LITERAL_NULL_CONVERSION = YES;
				CLANG_WARN_OBJC_IMPLICIT_RETAIN_SELF = YES;
				CLANG_WARN_OBJC_LITERAL_CONVERSION = YES;
				CLANG_WARN_OBJC_ROOT_CLASS = YES_ERROR;
				CLANG_WARN_QUOTED_INCLUDE_IN_FRAMEWORK_HEADER = YES;
				CLANG_WARN_RANGE_LOOP_ANALYSIS = YES;
				CLANG_WARN_STRICT_PROTOTYPES = YES;
				CLANG_WARN_SUSPICIOUS_MOVE = YES;
				CLANG_WARN_UNGUARDED_AVAILABILITY = YES_AGGRESSIVE;
				CLANG_WARN_UNREACHABLE_CODE = YES;
				CLANG_WARN__DUPLICATE_METHOD_MATCH = YES;
				COPY_PHASE_STRIP = NO;
				DEBUG_INFORMATION_FORMAT = "dwarf-with-dsym";
				ENABLE_NS_ASSERTIONS = NO;
				ENABLE_STRICT_OBJC_MSGSEND = YES;
				GCC_C_LANGUAGE_STANDARD = gnu11;
				GCC_NO_COMMON_BLOCKS = YES;
				GCC_WARN_64_TO_32_BIT_CONVERSION = YES;
				GCC_WARN_ABOUT_RETURN_TYPE = YES_ERROR;
				GCC_WARN_UNDECLARED_SELECTOR = YES;
				GCC_WARN_UNINITIALIZED_AUTOS = YES_AGGRESSIVE;
				GCC_WARN_UNUSED_FUNCTION = YES;
				GCC_WARN_UNUSED_VARIABLE = YES;
				IPHONEOS_DEPLOYMENT_TARGET = 16.0;
				MTL_ENABLE_DEBUG_INFO = NO;
				MTL_FAST_MATH = YES;
				SDKROOT = iphoneos;
				SWIFT_COMPILATION_MODE = wholemodule;
				SWIFT_OPTIMIZATION_LEVEL = "-O";
				VALIDATE_PRODUCT = YES;
			};
			name = Release;
		};
		63487F4928E2EA5E0033CF32 /* Debug */ = {
			isa = XCBuildConfiguration;
			buildSettings = {
				ALWAYS_EMBED_SWIFT_STANDARD_LIBRARIES = YES;
				ASSETCATALOG_COMPILER_APPICON_NAME = AppIcon;
				ASSETCATALOG_COMPILER_GLOBAL_ACCENT_COLOR_NAME = AccentColor;
				CODE_SIGN_STYLE = Automatic;
				CURRENT_PROJECT_VERSION = 1;
				GENERATE_INFOPLIST_FILE = YES;
				INFOPLIST_FILE = "K-Keyboard/Info.plist";
				INFOPLIST_KEY_UIApplicationSupportsIndirectInputEvents = YES;
				INFOPLIST_KEY_UILaunchStoryboardName = LaunchScreen;
				INFOPLIST_KEY_UISupportedInterfaceOrientations_iPad = "UIInterfaceOrientationPortrait UIInterfaceOrientationPortraitUpsideDown UIInterfaceOrientationLandscapeLeft UIInterfaceOrientationLandscapeRight";
				INFOPLIST_KEY_UISupportedInterfaceOrientations_iPhone = "UIInterfaceOrientationPortrait UIInterfaceOrientationLandscapeLeft UIInterfaceOrientationLandscapeRight";
				LD_RUNPATH_SEARCH_PATHS = (
					"$(inherited)",
					"@executable_path/Frameworks",
				);
				MARKETING_VERSION = 1.0;
				PRODUCT_BUNDLE_IDENTIFIER = "net.yagom.K-Keyboard";
				PRODUCT_NAME = "$(TARGET_NAME)";
				SWIFT_EMIT_LOC_STRINGS = YES;
				SWIFT_VERSION = 5.0;
				TARGETED_DEVICE_FAMILY = "1,2";
			};
			name = Debug;
		};
		63487F4A28E2EA5E0033CF32 /* Release */ = {
			isa = XCBuildConfiguration;
			buildSettings = {
				ALWAYS_EMBED_SWIFT_STANDARD_LIBRARIES = YES;
				ASSETCATALOG_COMPILER_APPICON_NAME = AppIcon;
				ASSETCATALOG_COMPILER_GLOBAL_ACCENT_COLOR_NAME = AccentColor;
				CODE_SIGN_STYLE = Automatic;
				CURRENT_PROJECT_VERSION = 1;
				GENERATE_INFOPLIST_FILE = YES;
				INFOPLIST_FILE = "K-Keyboard/Info.plist";
				INFOPLIST_KEY_UIApplicationSupportsIndirectInputEvents = YES;
				INFOPLIST_KEY_UILaunchStoryboardName = LaunchScreen;
				INFOPLIST_KEY_UISupportedInterfaceOrientations_iPad = "UIInterfaceOrientationPortrait UIInterfaceOrientationPortraitUpsideDown UIInterfaceOrientationLandscapeLeft UIInterfaceOrientationLandscapeRight";
				INFOPLIST_KEY_UISupportedInterfaceOrientations_iPhone = "UIInterfaceOrientationPortrait UIInterfaceOrientationLandscapeLeft UIInterfaceOrientationLandscapeRight";
				LD_RUNPATH_SEARCH_PATHS = (
					"$(inherited)",
					"@executable_path/Frameworks",
				);
				MARKETING_VERSION = 1.0;
				PRODUCT_BUNDLE_IDENTIFIER = "net.yagom.K-Keyboard";
				PRODUCT_NAME = "$(TARGET_NAME)";
				SWIFT_EMIT_LOC_STRINGS = YES;
				SWIFT_VERSION = 5.0;
				TARGETED_DEVICE_FAMILY = "1,2";
			};
			name = Release;
		};
/* End XCBuildConfiguration section */

/* Begin XCConfigurationList section */
		466DA36728E5A22B005E77DD /* Build configuration list for PBXNativeTarget "KeyboardExtension" */ = {
			isa = XCConfigurationList;
			buildConfigurations = (
				466DA36528E5A22B005E77DD /* Debug */,
				466DA36628E5A22B005E77DD /* Release */,
			);
			defaultConfigurationIsVisible = 0;
			defaultConfigurationName = Release;
		};
		63487F2F28E2EA5E0033CF32 /* Build configuration list for PBXProject "K-Keyboard" */ = {
			isa = XCConfigurationList;
			buildConfigurations = (
				63487F4628E2EA5E0033CF32 /* Debug */,
				63487F4728E2EA5E0033CF32 /* Release */,
			);
			defaultConfigurationIsVisible = 0;
			defaultConfigurationName = Release;
		};
		63487F4828E2EA5E0033CF32 /* Build configuration list for PBXNativeTarget "K-Keyboard" */ = {
			isa = XCConfigurationList;
			buildConfigurations = (
				63487F4928E2EA5E0033CF32 /* Debug */,
				63487F4A28E2EA5E0033CF32 /* Release */,
			);
			defaultConfigurationIsVisible = 0;
			defaultConfigurationName = Release;
		};
/* End XCConfigurationList section */
	};
	rootObject = 63487F2C28E2EA5E0033CF32 /* Project object */;
}
