// !$*UTF8*$!
{
	archiveVersion = 1;
	classes = {
	};
	objectVersion = 56;
	objects = {

/* Begin PBXBuildFile section */
<<<<<<< HEAD
=======
		4019E21C28E5EB34007DD322 /* FourthSectionCell.swift in Sources */ = {isa = PBXBuildFile; fileRef = 4019E21B28E5EB34007DD322 /* FourthSectionCell.swift */; };
		40294A1128EBE1BD00B01F0A /* PopupViewController.swift in Sources */ = {isa = PBXBuildFile; fileRef = 40294A1028EBE1BD00B01F0A /* PopupViewController.swift */; };
		40294A1428EBECC800B01F0A /* PopupView.swift in Sources */ = {isa = PBXBuildFile; fileRef = 40294A1328EBECC800B01F0A /* PopupView.swift */; };
		40294A1828EC004400B01F0A /* PopupViewDelegate.swift in Sources */ = {isa = PBXBuildFile; fileRef = 40294A1728EC004400B01F0A /* PopupViewDelegate.swift */; };
		40294A1A28EC007000B01F0A /* PopupViewControllerDelegate.swift in Sources */ = {isa = PBXBuildFile; fileRef = 40294A1928EC007000B01F0A /* PopupViewControllerDelegate.swift */; };
		40478C3B28E6E5B900C96673 /* NotoSansKR-Regular.otf in Resources */ = {isa = PBXBuildFile; fileRef = 40478C3828E6E5B800C96673 /* NotoSansKR-Regular.otf */; };
		40478C3C28E6E5B900C96673 /* NotoSansKR-Bold.otf in Resources */ = {isa = PBXBuildFile; fileRef = 40478C3928E6E5B800C96673 /* NotoSansKR-Bold.otf */; };
		40478C3D28E6E5B900C96673 /* NotoSansKR-Medium.otf in Resources */ = {isa = PBXBuildFile; fileRef = 40478C3A28E6E5B900C96673 /* NotoSansKR-Medium.otf */; };
		40478C3F28E6E67F00C96673 /* Const.swift in Sources */ = {isa = PBXBuildFile; fileRef = 40478C3E28E6E67F00C96673 /* Const.swift */; };
		406F63FD28EC459B00245E66 /* CommentModel.swift in Sources */ = {isa = PBXBuildFile; fileRef = 406F63FC28EC459B00245E66 /* CommentModel.swift */; };
		40D68ECF28EAA78400A2AED1 /* FifthSectionCell.swift in Sources */ = {isa = PBXBuildFile; fileRef = 40D68ECE28EAA78400A2AED1 /* FifthSectionCell.swift */; };
		40D68ED128EAAEBF00A2AED1 /* CommentView.swift in Sources */ = {isa = PBXBuildFile; fileRef = 40D68ED028EAAEBF00A2AED1 /* CommentView.swift */; };
		40D68ED328EB375900A2AED1 /* FifthSectionHeaderView.swift in Sources */ = {isa = PBXBuildFile; fileRef = 40D68ED228EB375900A2AED1 /* FifthSectionHeaderView.swift */; };
		40DBB6A028F0110C000AA04A /* ShortcutData.swift in Sources */ = {isa = PBXBuildFile; fileRef = 40DBB69F28F0110B000AA04A /* ShortcutData.swift */; };
		40DBB6A228F011AD000AA04A /* ShortcutView.swift in Sources */ = {isa = PBXBuildFile; fileRef = 40DBB6A128F011AD000AA04A /* ShortcutView.swift */; };
		40DBB6A328F011AD000AA04A /* ShortcutView.swift in Sources */ = {isa = PBXBuildFile; fileRef = 40DBB6A128F011AD000AA04A /* ShortcutView.swift */; };
		40DBB6A428F011B0000AA04A /* ShortcutData.swift in Sources */ = {isa = PBXBuildFile; fileRef = 40DBB69F28F0110B000AA04A /* ShortcutData.swift */; };
		40FB997C28EDCA8D002AE450 /* KeyboardViewController.swift in Sources */ = {isa = PBXBuildFile; fileRef = 40FB997B28EDCA8D002AE450 /* KeyboardViewController.swift */; };
		40FB998028EDCA8D002AE450 /* KorKeyboard.appex in Embed Foundation Extensions */ = {isa = PBXBuildFile; fileRef = 40FB997928EDCA8D002AE450 /* KorKeyboard.appex */; settings = {ATTRIBUTES = (RemoveHeadersOnCopy, ); }; };
		40FB998628EDCAC6002AE450 /* KorKeyboardView.swift in Sources */ = {isa = PBXBuildFile; fileRef = 40FB998528EDCAC6002AE450 /* KorKeyboardView.swift */; };
		40FB998728EDCACC002AE450 /* KorKeyboardView.swift in Sources */ = {isa = PBXBuildFile; fileRef = 40FB998528EDCAC6002AE450 /* KorKeyboardView.swift */; };
		40FB998928EE3C42002AE450 /* KoreanData.swift in Sources */ = {isa = PBXBuildFile; fileRef = 40FB998828EE3C42002AE450 /* KoreanData.swift */; };
		40FB998A28EE3C42002AE450 /* KoreanData.swift in Sources */ = {isa = PBXBuildFile; fileRef = 40FB998828EE3C42002AE450 /* KoreanData.swift */; };
>>>>>>> develop
		63487F3828E2EA5E0033CF32 /* AppDelegate.swift in Sources */ = {isa = PBXBuildFile; fileRef = 63487F3728E2EA5E0033CF32 /* AppDelegate.swift */; };
		63487F3A28E2EA5E0033CF32 /* SceneDelegate.swift in Sources */ = {isa = PBXBuildFile; fileRef = 63487F3928E2EA5E0033CF32 /* SceneDelegate.swift */; };
		63487F3C28E2EA5E0033CF32 /* FirstViewController.swift in Sources */ = {isa = PBXBuildFile; fileRef = 63487F3B28E2EA5E0033CF32 /* FirstViewController.swift */; };
		63487F4128E2EA5E0033CF32 /* Assets.xcassets in Resources */ = {isa = PBXBuildFile; fileRef = 63487F4028E2EA5E0033CF32 /* Assets.xcassets */; };
		63487F4428E2EA5E0033CF32 /* LaunchScreen.storyboard in Resources */ = {isa = PBXBuildFile; fileRef = 63487F4228E2EA5E0033CF32 /* LaunchScreen.storyboard */; };
<<<<<<< HEAD
=======
		6426E6AA28E730EC00159D4A /* FirstSectionCell.swift in Sources */ = {isa = PBXBuildFile; fileRef = 6426E6A928E730EC00159D4A /* FirstSectionCell.swift */; };
		6463E98A28EC87B000FA66F1 /* CardCollectionView.swift in Sources */ = {isa = PBXBuildFile; fileRef = 6463E98928EC87B000FA66F1 /* CardCollectionView.swift */; };
		6463E98C28EC89E600FA66F1 /* CardCollectionViewCell.swift in Sources */ = {isa = PBXBuildFile; fileRef = 6463E98B28EC89E600FA66F1 /* CardCollectionViewCell.swift */; };
		64D6427528E938C000E475A5 /* SecondSectionCell.swift in Sources */ = {isa = PBXBuildFile; fileRef = 64D6427428E938C000E475A5 /* SecondSectionCell.swift */; };
		64D6427828E97A1B00E475A5 /* TagCollectionViewCell.swift in Sources */ = {isa = PBXBuildFile; fileRef = 64D6427728E97A1B00E475A5 /* TagCollectionViewCell.swift */; };
		64D6427A28E981BE00E475A5 /* TagCollectionView.swift in Sources */ = {isa = PBXBuildFile; fileRef = 64D6427928E981BE00E475A5 /* TagCollectionView.swift */; };
		64D6427D28EAD43A00E475A5 /* ThirdSectionCell.swift in Sources */ = {isa = PBXBuildFile; fileRef = 64D6427C28EAD43A00E475A5 /* ThirdSectionCell.swift */; };
		64D6427F28EAD4F600E475A5 /* CardView.swift in Sources */ = {isa = PBXBuildFile; fileRef = 64D6427E28EAD4F600E475A5 /* CardView.swift */; };
		64FC2A8228EFF526009B4856 /* KorKeyboardView+Action.swift in Sources */ = {isa = PBXBuildFile; fileRef = 64FC2A8128EFF526009B4856 /* KorKeyboardView+Action.swift */; };
		64FC2A8328EFF55C009B4856 /* KorKeyboardView+Action.swift in Sources */ = {isa = PBXBuildFile; fileRef = 64FC2A8128EFF526009B4856 /* KorKeyboardView+Action.swift */; };
		64FC2A8628F02373009B4856 /* KorKeyboardToolbarView.swift in Sources */ = {isa = PBXBuildFile; fileRef = 64FC2A8528F02373009B4856 /* KorKeyboardToolbarView.swift */; };
		64FC2A8728F02673009B4856 /* KorKeyboardToolbarView.swift in Sources */ = {isa = PBXBuildFile; fileRef = 64FC2A8528F02373009B4856 /* KorKeyboardToolbarView.swift */; };
		64FC2A8A28F0790A009B4856 /* FavoritesView.swift in Sources */ = {isa = PBXBuildFile; fileRef = 64FC2A8928F0790A009B4856 /* FavoritesView.swift */; };
		64FC2A8B28F07ACA009B4856 /* FavoritesView.swift in Sources */ = {isa = PBXBuildFile; fileRef = 64FC2A8928F0790A009B4856 /* FavoritesView.swift */; };
		64FC2A8D28F07CA7009B4856 /* FavoritesTableViewCell.swift in Sources */ = {isa = PBXBuildFile; fileRef = 64FC2A8C28F07CA6009B4856 /* FavoritesTableViewCell.swift */; };
		64FC2A8E28F07E5E009B4856 /* FavoritesTableViewCell.swift in Sources */ = {isa = PBXBuildFile; fileRef = 64FC2A8C28F07CA6009B4856 /* FavoritesTableViewCell.swift */; };
>>>>>>> develop
/* End PBXBuildFile section */

/* Begin PBXContainerItemProxy section */
		40FB997E28EDCA8D002AE450 /* PBXContainerItemProxy */ = {
			isa = PBXContainerItemProxy;
			containerPortal = 63487F2C28E2EA5E0033CF32 /* Project object */;
			proxyType = 1;
			remoteGlobalIDString = 40FB997828EDCA8D002AE450;
			remoteInfo = KorKeyboard;
		};
/* End PBXContainerItemProxy section */

/* Begin PBXCopyFilesBuildPhase section */
		40FB998128EDCA8D002AE450 /* Embed Foundation Extensions */ = {
			isa = PBXCopyFilesBuildPhase;
			buildActionMask = 2147483647;
			dstPath = "";
			dstSubfolderSpec = 13;
			files = (
				40FB998028EDCA8D002AE450 /* KorKeyboard.appex in Embed Foundation Extensions */,
			);
			name = "Embed Foundation Extensions";
			runOnlyForDeploymentPostprocessing = 0;
		};
/* End PBXCopyFilesBuildPhase section */

/* Begin PBXFileReference section */
<<<<<<< HEAD
=======
		4019E21B28E5EB34007DD322 /* FourthSectionCell.swift */ = {isa = PBXFileReference; lastKnownFileType = sourcecode.swift; path = FourthSectionCell.swift; sourceTree = "<group>"; };
		40294A1028EBE1BD00B01F0A /* PopupViewController.swift */ = {isa = PBXFileReference; lastKnownFileType = sourcecode.swift; path = PopupViewController.swift; sourceTree = "<group>"; };
		40294A1328EBECC800B01F0A /* PopupView.swift */ = {isa = PBXFileReference; lastKnownFileType = sourcecode.swift; path = PopupView.swift; sourceTree = "<group>"; };
		40294A1728EC004400B01F0A /* PopupViewDelegate.swift */ = {isa = PBXFileReference; lastKnownFileType = sourcecode.swift; path = PopupViewDelegate.swift; sourceTree = "<group>"; };
		40294A1928EC007000B01F0A /* PopupViewControllerDelegate.swift */ = {isa = PBXFileReference; lastKnownFileType = sourcecode.swift; path = PopupViewControllerDelegate.swift; sourceTree = "<group>"; };
		40478C3828E6E5B800C96673 /* NotoSansKR-Regular.otf */ = {isa = PBXFileReference; lastKnownFileType = file; path = "NotoSansKR-Regular.otf"; sourceTree = "<group>"; };
		40478C3928E6E5B800C96673 /* NotoSansKR-Bold.otf */ = {isa = PBXFileReference; lastKnownFileType = file; path = "NotoSansKR-Bold.otf"; sourceTree = "<group>"; };
		40478C3A28E6E5B900C96673 /* NotoSansKR-Medium.otf */ = {isa = PBXFileReference; lastKnownFileType = file; path = "NotoSansKR-Medium.otf"; sourceTree = "<group>"; };
		40478C3E28E6E67F00C96673 /* Const.swift */ = {isa = PBXFileReference; lastKnownFileType = sourcecode.swift; path = Const.swift; sourceTree = "<group>"; };
		406F63FC28EC459B00245E66 /* CommentModel.swift */ = {isa = PBXFileReference; lastKnownFileType = sourcecode.swift; path = CommentModel.swift; sourceTree = "<group>"; };
		40D68ECE28EAA78400A2AED1 /* FifthSectionCell.swift */ = {isa = PBXFileReference; lastKnownFileType = sourcecode.swift; path = FifthSectionCell.swift; sourceTree = "<group>"; };
		40D68ED028EAAEBF00A2AED1 /* CommentView.swift */ = {isa = PBXFileReference; lastKnownFileType = sourcecode.swift; path = CommentView.swift; sourceTree = "<group>"; };
		40D68ED228EB375900A2AED1 /* FifthSectionHeaderView.swift */ = {isa = PBXFileReference; lastKnownFileType = sourcecode.swift; path = FifthSectionHeaderView.swift; sourceTree = "<group>"; };
		40DBB69F28F0110B000AA04A /* ShortcutData.swift */ = {isa = PBXFileReference; lastKnownFileType = sourcecode.swift; path = ShortcutData.swift; sourceTree = "<group>"; };
		40DBB6A128F011AD000AA04A /* ShortcutView.swift */ = {isa = PBXFileReference; lastKnownFileType = sourcecode.swift; path = ShortcutView.swift; sourceTree = "<group>"; };
		40FB997928EDCA8D002AE450 /* KorKeyboard.appex */ = {isa = PBXFileReference; explicitFileType = "wrapper.app-extension"; includeInIndex = 0; path = KorKeyboard.appex; sourceTree = BUILT_PRODUCTS_DIR; };
		40FB997B28EDCA8D002AE450 /* KeyboardViewController.swift */ = {isa = PBXFileReference; lastKnownFileType = sourcecode.swift; path = KeyboardViewController.swift; sourceTree = "<group>"; };
		40FB997D28EDCA8D002AE450 /* Info.plist */ = {isa = PBXFileReference; lastKnownFileType = text.plist.xml; path = Info.plist; sourceTree = "<group>"; };
		40FB998528EDCAC6002AE450 /* KorKeyboardView.swift */ = {isa = PBXFileReference; lastKnownFileType = sourcecode.swift; path = KorKeyboardView.swift; sourceTree = "<group>"; };
		40FB998828EE3C42002AE450 /* KoreanData.swift */ = {isa = PBXFileReference; lastKnownFileType = sourcecode.swift; path = KoreanData.swift; sourceTree = "<group>"; };
>>>>>>> develop
		63487F3428E2EA5E0033CF32 /* K-Keyboard.app */ = {isa = PBXFileReference; explicitFileType = wrapper.application; includeInIndex = 0; path = "K-Keyboard.app"; sourceTree = BUILT_PRODUCTS_DIR; };
		63487F3728E2EA5E0033CF32 /* AppDelegate.swift */ = {isa = PBXFileReference; lastKnownFileType = sourcecode.swift; path = AppDelegate.swift; sourceTree = "<group>"; };
		63487F3928E2EA5E0033CF32 /* SceneDelegate.swift */ = {isa = PBXFileReference; lastKnownFileType = sourcecode.swift; path = SceneDelegate.swift; sourceTree = "<group>"; };
		63487F3B28E2EA5E0033CF32 /* FirstViewController.swift */ = {isa = PBXFileReference; lastKnownFileType = sourcecode.swift; path = FirstViewController.swift; sourceTree = "<group>"; };
		63487F4028E2EA5E0033CF32 /* Assets.xcassets */ = {isa = PBXFileReference; lastKnownFileType = folder.assetcatalog; path = Assets.xcassets; sourceTree = "<group>"; };
		63487F4328E2EA5E0033CF32 /* Base */ = {isa = PBXFileReference; lastKnownFileType = file.storyboard; name = Base; path = Base.lproj/LaunchScreen.storyboard; sourceTree = "<group>"; };
		63487F4528E2EA5E0033CF32 /* Info.plist */ = {isa = PBXFileReference; lastKnownFileType = text.plist.xml; path = Info.plist; sourceTree = "<group>"; };
<<<<<<< HEAD
=======
		6426E6A928E730EC00159D4A /* FirstSectionCell.swift */ = {isa = PBXFileReference; lastKnownFileType = sourcecode.swift; path = FirstSectionCell.swift; sourceTree = "<group>"; };
		6463E98928EC87B000FA66F1 /* CardCollectionView.swift */ = {isa = PBXFileReference; lastKnownFileType = sourcecode.swift; path = CardCollectionView.swift; sourceTree = "<group>"; };
		6463E98B28EC89E600FA66F1 /* CardCollectionViewCell.swift */ = {isa = PBXFileReference; lastKnownFileType = sourcecode.swift; path = CardCollectionViewCell.swift; sourceTree = "<group>"; };
		64D6427428E938C000E475A5 /* SecondSectionCell.swift */ = {isa = PBXFileReference; lastKnownFileType = sourcecode.swift; path = SecondSectionCell.swift; sourceTree = "<group>"; };
		64D6427728E97A1B00E475A5 /* TagCollectionViewCell.swift */ = {isa = PBXFileReference; lastKnownFileType = sourcecode.swift; path = TagCollectionViewCell.swift; sourceTree = "<group>"; };
		64D6427928E981BE00E475A5 /* TagCollectionView.swift */ = {isa = PBXFileReference; lastKnownFileType = sourcecode.swift; path = TagCollectionView.swift; sourceTree = "<group>"; };
		64D6427C28EAD43A00E475A5 /* ThirdSectionCell.swift */ = {isa = PBXFileReference; lastKnownFileType = sourcecode.swift; path = ThirdSectionCell.swift; sourceTree = "<group>"; };
		64D6427E28EAD4F600E475A5 /* CardView.swift */ = {isa = PBXFileReference; lastKnownFileType = sourcecode.swift; path = CardView.swift; sourceTree = "<group>"; };
		64FC2A8128EFF526009B4856 /* KorKeyboardView+Action.swift */ = {isa = PBXFileReference; lastKnownFileType = sourcecode.swift; path = "KorKeyboardView+Action.swift"; sourceTree = "<group>"; };
		64FC2A8528F02373009B4856 /* KorKeyboardToolbarView.swift */ = {isa = PBXFileReference; lastKnownFileType = sourcecode.swift; path = KorKeyboardToolbarView.swift; sourceTree = "<group>"; };
		64FC2A8928F0790A009B4856 /* FavoritesView.swift */ = {isa = PBXFileReference; lastKnownFileType = sourcecode.swift; path = FavoritesView.swift; sourceTree = "<group>"; };
		64FC2A8C28F07CA6009B4856 /* FavoritesTableViewCell.swift */ = {isa = PBXFileReference; lastKnownFileType = sourcecode.swift; path = FavoritesTableViewCell.swift; sourceTree = "<group>"; };
>>>>>>> develop
/* End PBXFileReference section */

/* Begin PBXFrameworksBuildPhase section */
		40FB997628EDCA8D002AE450 /* Frameworks */ = {
			isa = PBXFrameworksBuildPhase;
			buildActionMask = 2147483647;
			files = (
			);
			runOnlyForDeploymentPostprocessing = 0;
		};
		63487F3128E2EA5E0033CF32 /* Frameworks */ = {
			isa = PBXFrameworksBuildPhase;
			buildActionMask = 2147483647;
			files = (
			);
			runOnlyForDeploymentPostprocessing = 0;
		};
/* End PBXFrameworksBuildPhase section */

/* Begin PBXGroup section */
<<<<<<< HEAD
=======
		4019E21628E5DCB8007DD322 /* Controller */ = {
			isa = PBXGroup;
			children = (
				63487F3B28E2EA5E0033CF32 /* FirstViewController.swift */,
				40294A1028EBE1BD00B01F0A /* PopupViewController.swift */,
			);
			path = Controller;
			sourceTree = "<group>";
		};
		4019E21728E5DCC8007DD322 /* View */ = {
			isa = PBXGroup;
			children = (
				63487F4228E2EA5E0033CF32 /* LaunchScreen.storyboard */,
				6426E6A928E730EC00159D4A /* FirstSectionCell.swift */,
				64D6427628E9562000E475A5 /* SecondSection */,
				64D6427B28EAD41000E475A5 /* ThirdSection */,
				4019E21B28E5EB34007DD322 /* FourthSectionCell.swift */,
				40D68ED428EB376100A2AED1 /* FifthSection */,
				40294A1228EBECA300B01F0A /* PopupView */,
				40FB998B28EE3C74002AE450 /* Keyboard */,
			);
			path = View;
			sourceTree = "<group>";
		};
		4019E21828E5DCCE007DD322 /* Resource */ = {
			isa = PBXGroup;
			children = (
				40478C3728E6E56900C96673 /* Font */,
				63487F4028E2EA5E0033CF32 /* Assets.xcassets */,
				63487F4528E2EA5E0033CF32 /* Info.plist */,
			);
			path = Resource;
			sourceTree = "<group>";
		};
		40294A1228EBECA300B01F0A /* PopupView */ = {
			isa = PBXGroup;
			children = (
				40294A1328EBECC800B01F0A /* PopupView.swift */,
				40294A1728EC004400B01F0A /* PopupViewDelegate.swift */,
				40294A1928EC007000B01F0A /* PopupViewControllerDelegate.swift */,
			);
			path = PopupView;
			sourceTree = "<group>";
		};
		40478C3728E6E56900C96673 /* Font */ = {
			isa = PBXGroup;
			children = (
				40478C3928E6E5B800C96673 /* NotoSansKR-Bold.otf */,
				40478C3A28E6E5B900C96673 /* NotoSansKR-Medium.otf */,
				40478C3828E6E5B800C96673 /* NotoSansKR-Regular.otf */,
			);
			path = Font;
			sourceTree = "<group>";
		};
		406F63FB28EC455800245E66 /* Model */ = {
			isa = PBXGroup;
			children = (
				406F63FC28EC459B00245E66 /* CommentModel.swift */,
				40FB998828EE3C42002AE450 /* KoreanData.swift */,
				40DBB69F28F0110B000AA04A /* ShortcutData.swift */,
			);
			path = Model;
			sourceTree = "<group>";
		};
		40D68ED428EB376100A2AED1 /* FifthSection */ = {
			isa = PBXGroup;
			children = (
				40D68ECE28EAA78400A2AED1 /* FifthSectionCell.swift */,
				40D68ED028EAAEBF00A2AED1 /* CommentView.swift */,
				40D68ED228EB375900A2AED1 /* FifthSectionHeaderView.swift */,
			);
			path = FifthSection;
			sourceTree = "<group>";
		};
		40FB997A28EDCA8D002AE450 /* KorKeyboard */ = {
			isa = PBXGroup;
			children = (
				40FB997B28EDCA8D002AE450 /* KeyboardViewController.swift */,
				40FB997D28EDCA8D002AE450 /* Info.plist */,
			);
			path = KorKeyboard;
			sourceTree = "<group>";
		};
		40FB998B28EE3C74002AE450 /* Keyboard */ = {
			isa = PBXGroup;
			children = (
				40FB998528EDCAC6002AE450 /* KorKeyboardView.swift */,
				64FC2A8128EFF526009B4856 /* KorKeyboardView+Action.swift */,
				40DBB6A128F011AD000AA04A /* ShortcutView.swift */,
				64FC2A8528F02373009B4856 /* KorKeyboardToolbarView.swift */,
				64FC2A8928F0790A009B4856 /* FavoritesView.swift */,
				64FC2A8C28F07CA6009B4856 /* FavoritesTableViewCell.swift */,
			);
			path = Keyboard;
			sourceTree = "<group>";
		};
>>>>>>> develop
		63487F2B28E2EA5E0033CF32 = {
			isa = PBXGroup;
			children = (
				63487F3628E2EA5E0033CF32 /* K-Keyboard */,
				40FB997A28EDCA8D002AE450 /* KorKeyboard */,
				63487F3528E2EA5E0033CF32 /* Products */,
			);
			sourceTree = "<group>";
		};
		63487F3528E2EA5E0033CF32 /* Products */ = {
			isa = PBXGroup;
			children = (
				63487F3428E2EA5E0033CF32 /* K-Keyboard.app */,
				40FB997928EDCA8D002AE450 /* KorKeyboard.appex */,
			);
			name = Products;
			sourceTree = "<group>";
		};
		63487F3628E2EA5E0033CF32 /* K-Keyboard */ = {
			isa = PBXGroup;
			children = (
<<<<<<< HEAD
=======
				4019E21828E5DCCE007DD322 /* Resource */,
				4019E21628E5DCB8007DD322 /* Controller */,
				406F63FB28EC455800245E66 /* Model */,
				4019E21728E5DCC8007DD322 /* View */,
>>>>>>> develop
				63487F3728E2EA5E0033CF32 /* AppDelegate.swift */,
				63487F3928E2EA5E0033CF32 /* SceneDelegate.swift */,
				63487F3B28E2EA5E0033CF32 /* FirstViewController.swift */,
				63487F4028E2EA5E0033CF32 /* Assets.xcassets */,
				63487F4228E2EA5E0033CF32 /* LaunchScreen.storyboard */,
				63487F4528E2EA5E0033CF32 /* Info.plist */,
			);
			path = "K-Keyboard";
			sourceTree = "<group>";
		};
<<<<<<< HEAD
=======
		64D6427628E9562000E475A5 /* SecondSection */ = {
			isa = PBXGroup;
			children = (
				64D6427428E938C000E475A5 /* SecondSectionCell.swift */,
				64D6427928E981BE00E475A5 /* TagCollectionView.swift */,
				64D6427728E97A1B00E475A5 /* TagCollectionViewCell.swift */,
			);
			path = SecondSection;
			sourceTree = "<group>";
		};
		64D6427B28EAD41000E475A5 /* ThirdSection */ = {
			isa = PBXGroup;
			children = (
				64D6427C28EAD43A00E475A5 /* ThirdSectionCell.swift */,
				6463E98928EC87B000FA66F1 /* CardCollectionView.swift */,
				6463E98B28EC89E600FA66F1 /* CardCollectionViewCell.swift */,
				64D6427E28EAD4F600E475A5 /* CardView.swift */,
			);
			path = ThirdSection;
			sourceTree = "<group>";
		};
>>>>>>> develop
/* End PBXGroup section */

/* Begin PBXNativeTarget section */
		40FB997828EDCA8D002AE450 /* KorKeyboard */ = {
			isa = PBXNativeTarget;
			buildConfigurationList = 40FB998428EDCA8D002AE450 /* Build configuration list for PBXNativeTarget "KorKeyboard" */;
			buildPhases = (
				40FB997528EDCA8D002AE450 /* Sources */,
				40FB997628EDCA8D002AE450 /* Frameworks */,
				40FB997728EDCA8D002AE450 /* Resources */,
			);
			buildRules = (
			);
			dependencies = (
			);
			name = KorKeyboard;
			productName = KorKeyboard;
			productReference = 40FB997928EDCA8D002AE450 /* KorKeyboard.appex */;
			productType = "com.apple.product-type.app-extension";
		};
		63487F3328E2EA5E0033CF32 /* K-Keyboard */ = {
			isa = PBXNativeTarget;
			buildConfigurationList = 63487F4828E2EA5E0033CF32 /* Build configuration list for PBXNativeTarget "K-Keyboard" */;
			buildPhases = (
				63487F3028E2EA5E0033CF32 /* Sources */,
				63487F3128E2EA5E0033CF32 /* Frameworks */,
				63487F3228E2EA5E0033CF32 /* Resources */,
				40FB998128EDCA8D002AE450 /* Embed Foundation Extensions */,
			);
			buildRules = (
			);
			dependencies = (
				40FB997F28EDCA8D002AE450 /* PBXTargetDependency */,
			);
			name = "K-Keyboard";
			productName = "K-Keyboard";
			productReference = 63487F3428E2EA5E0033CF32 /* K-Keyboard.app */;
			productType = "com.apple.product-type.application";
		};
/* End PBXNativeTarget section */

/* Begin PBXProject section */
		63487F2C28E2EA5E0033CF32 /* Project object */ = {
			isa = PBXProject;
			attributes = {
				BuildIndependentTargetsInParallel = 1;
				LastSwiftUpdateCheck = 1400;
				LastUpgradeCheck = 1400;
				TargetAttributes = {
					40FB997828EDCA8D002AE450 = {
						CreatedOnToolsVersion = 14.0;
					};
					63487F3328E2EA5E0033CF32 = {
						CreatedOnToolsVersion = 14.0;
					};
				};
			};
			buildConfigurationList = 63487F2F28E2EA5E0033CF32 /* Build configuration list for PBXProject "K-Keyboard" */;
			compatibilityVersion = "Xcode 14.0";
			developmentRegion = en;
			hasScannedForEncodings = 0;
			knownRegions = (
				en,
				Base,
			);
			mainGroup = 63487F2B28E2EA5E0033CF32;
			productRefGroup = 63487F3528E2EA5E0033CF32 /* Products */;
			projectDirPath = "";
			projectRoot = "";
			targets = (
				63487F3328E2EA5E0033CF32 /* K-Keyboard */,
				40FB997828EDCA8D002AE450 /* KorKeyboard */,
			);
		};
/* End PBXProject section */

/* Begin PBXResourcesBuildPhase section */
		40FB997728EDCA8D002AE450 /* Resources */ = {
			isa = PBXResourcesBuildPhase;
			buildActionMask = 2147483647;
			files = (
			);
			runOnlyForDeploymentPostprocessing = 0;
		};
		63487F3228E2EA5E0033CF32 /* Resources */ = {
			isa = PBXResourcesBuildPhase;
			buildActionMask = 2147483647;
			files = (
				63487F4428E2EA5E0033CF32 /* LaunchScreen.storyboard in Resources */,
				63487F4128E2EA5E0033CF32 /* Assets.xcassets in Resources */,
			);
			runOnlyForDeploymentPostprocessing = 0;
		};
/* End PBXResourcesBuildPhase section */

/* Begin PBXSourcesBuildPhase section */
		40FB997528EDCA8D002AE450 /* Sources */ = {
			isa = PBXSourcesBuildPhase;
			buildActionMask = 2147483647;
			files = (
				40DBB6A328F011AD000AA04A /* ShortcutView.swift in Sources */,
				64FC2A8E28F07E5E009B4856 /* FavoritesTableViewCell.swift in Sources */,
				40DBB6A428F011B0000AA04A /* ShortcutData.swift in Sources */,
				40FB998728EDCACC002AE450 /* KorKeyboardView.swift in Sources */,
				64FC2A8728F02673009B4856 /* KorKeyboardToolbarView.swift in Sources */,
				64FC2A8B28F07ACA009B4856 /* FavoritesView.swift in Sources */,
				40FB998A28EE3C42002AE450 /* KoreanData.swift in Sources */,
				64FC2A8328EFF55C009B4856 /* KorKeyboardView+Action.swift in Sources */,
				40FB997C28EDCA8D002AE450 /* KeyboardViewController.swift in Sources */,
			);
			runOnlyForDeploymentPostprocessing = 0;
		};
		63487F3028E2EA5E0033CF32 /* Sources */ = {
			isa = PBXSourcesBuildPhase;
			buildActionMask = 2147483647;
			files = (
				40DBB6A228F011AD000AA04A /* ShortcutView.swift in Sources */,
				63487F3C28E2EA5E0033CF32 /* FirstViewController.swift in Sources */,
<<<<<<< HEAD
				63487F3828E2EA5E0033CF32 /* AppDelegate.swift in Sources */,
				63487F3A28E2EA5E0033CF32 /* SceneDelegate.swift in Sources */,
=======
				6463E98A28EC87B000FA66F1 /* CardCollectionView.swift in Sources */,
				64D6427828E97A1B00E475A5 /* TagCollectionViewCell.swift in Sources */,
				64FC2A8A28F0790A009B4856 /* FavoritesView.swift in Sources */,
				64D6427528E938C000E475A5 /* SecondSectionCell.swift in Sources */,
				40FB998628EDCAC6002AE450 /* KorKeyboardView.swift in Sources */,
				64D6427D28EAD43A00E475A5 /* ThirdSectionCell.swift in Sources */,
				40FB998928EE3C42002AE450 /* KoreanData.swift in Sources */,
				63487F3828E2EA5E0033CF32 /* AppDelegate.swift in Sources */,
				40D68ED128EAAEBF00A2AED1 /* CommentView.swift in Sources */,
				6426E6AA28E730EC00159D4A /* FirstSectionCell.swift in Sources */,
				6463E98C28EC89E600FA66F1 /* CardCollectionViewCell.swift in Sources */,
				64D6427A28E981BE00E475A5 /* TagCollectionView.swift in Sources */,
				40294A1428EBECC800B01F0A /* PopupView.swift in Sources */,
				40294A1828EC004400B01F0A /* PopupViewDelegate.swift in Sources */,
				63487F3A28E2EA5E0033CF32 /* SceneDelegate.swift in Sources */,
				406F63FD28EC459B00245E66 /* CommentModel.swift in Sources */,
				4019E21C28E5EB34007DD322 /* FourthSectionCell.swift in Sources */,
				64FC2A8D28F07CA7009B4856 /* FavoritesTableViewCell.swift in Sources */,
				64FC2A8628F02373009B4856 /* KorKeyboardToolbarView.swift in Sources */,
				40D68ED328EB375900A2AED1 /* FifthSectionHeaderView.swift in Sources */,
				40D68ECF28EAA78400A2AED1 /* FifthSectionCell.swift in Sources */,
				64D6427F28EAD4F600E475A5 /* CardView.swift in Sources */,
				40478C3F28E6E67F00C96673 /* Const.swift in Sources */,
				40DBB6A028F0110C000AA04A /* ShortcutData.swift in Sources */,
				40294A1A28EC007000B01F0A /* PopupViewControllerDelegate.swift in Sources */,
				64FC2A8228EFF526009B4856 /* KorKeyboardView+Action.swift in Sources */,
				40294A1128EBE1BD00B01F0A /* PopupViewController.swift in Sources */,
>>>>>>> develop
			);
			runOnlyForDeploymentPostprocessing = 0;
		};
/* End PBXSourcesBuildPhase section */

/* Begin PBXTargetDependency section */
		40FB997F28EDCA8D002AE450 /* PBXTargetDependency */ = {
			isa = PBXTargetDependency;
			target = 40FB997828EDCA8D002AE450 /* KorKeyboard */;
			targetProxy = 40FB997E28EDCA8D002AE450 /* PBXContainerItemProxy */;
		};
/* End PBXTargetDependency section */

/* Begin PBXVariantGroup section */
		63487F4228E2EA5E0033CF32 /* LaunchScreen.storyboard */ = {
			isa = PBXVariantGroup;
			children = (
				63487F4328E2EA5E0033CF32 /* Base */,
			);
			name = LaunchScreen.storyboard;
			sourceTree = "<group>";
		};
/* End PBXVariantGroup section */

/* Begin XCBuildConfiguration section */
		40FB998228EDCA8D002AE450 /* Debug */ = {
			isa = XCBuildConfiguration;
			buildSettings = {
				CODE_SIGN_STYLE = Automatic;
				CURRENT_PROJECT_VERSION = 1;
				GENERATE_INFOPLIST_FILE = YES;
				INFOPLIST_FILE = KorKeyboard/Info.plist;
				INFOPLIST_KEY_CFBundleDisplayName = KorKeyboard;
				INFOPLIST_KEY_NSHumanReadableCopyright = "";
				LD_RUNPATH_SEARCH_PATHS = (
					"$(inherited)",
					"@executable_path/Frameworks",
					"@executable_path/../../Frameworks",
				);
				MARKETING_VERSION = 1.0;
				PRODUCT_BUNDLE_IDENTIFIER = "net.yagom.K-Keyboard.KorKeyboard";
				PRODUCT_NAME = "$(TARGET_NAME)";
				SKIP_INSTALL = YES;
				SWIFT_EMIT_LOC_STRINGS = YES;
				SWIFT_VERSION = 5.0;
				TARGETED_DEVICE_FAMILY = "1,2";
			};
			name = Debug;
		};
		40FB998328EDCA8D002AE450 /* Release */ = {
			isa = XCBuildConfiguration;
			buildSettings = {
				CODE_SIGN_STYLE = Automatic;
				CURRENT_PROJECT_VERSION = 1;
				GENERATE_INFOPLIST_FILE = YES;
				INFOPLIST_FILE = KorKeyboard/Info.plist;
				INFOPLIST_KEY_CFBundleDisplayName = KorKeyboard;
				INFOPLIST_KEY_NSHumanReadableCopyright = "";
				LD_RUNPATH_SEARCH_PATHS = (
					"$(inherited)",
					"@executable_path/Frameworks",
					"@executable_path/../../Frameworks",
				);
				MARKETING_VERSION = 1.0;
				PRODUCT_BUNDLE_IDENTIFIER = "net.yagom.K-Keyboard.KorKeyboard";
				PRODUCT_NAME = "$(TARGET_NAME)";
				SKIP_INSTALL = YES;
				SWIFT_EMIT_LOC_STRINGS = YES;
				SWIFT_VERSION = 5.0;
				TARGETED_DEVICE_FAMILY = "1,2";
			};
			name = Release;
		};
		63487F4628E2EA5E0033CF32 /* Debug */ = {
			isa = XCBuildConfiguration;
			buildSettings = {
				ALWAYS_SEARCH_USER_PATHS = NO;
				CLANG_ANALYZER_NONNULL = YES;
				CLANG_ANALYZER_NUMBER_OBJECT_CONVERSION = YES_AGGRESSIVE;
				CLANG_CXX_LANGUAGE_STANDARD = "gnu++20";
				CLANG_ENABLE_MODULES = YES;
				CLANG_ENABLE_OBJC_ARC = YES;
				CLANG_ENABLE_OBJC_WEAK = YES;
				CLANG_WARN_BLOCK_CAPTURE_AUTORELEASING = YES;
				CLANG_WARN_BOOL_CONVERSION = YES;
				CLANG_WARN_COMMA = YES;
				CLANG_WARN_CONSTANT_CONVERSION = YES;
				CLANG_WARN_DEPRECATED_OBJC_IMPLEMENTATIONS = YES;
				CLANG_WARN_DIRECT_OBJC_ISA_USAGE = YES_ERROR;
				CLANG_WARN_DOCUMENTATION_COMMENTS = YES;
				CLANG_WARN_EMPTY_BODY = YES;
				CLANG_WARN_ENUM_CONVERSION = YES;
				CLANG_WARN_INFINITE_RECURSION = YES;
				CLANG_WARN_INT_CONVERSION = YES;
				CLANG_WARN_NON_LITERAL_NULL_CONVERSION = YES;
				CLANG_WARN_OBJC_IMPLICIT_RETAIN_SELF = YES;
				CLANG_WARN_OBJC_LITERAL_CONVERSION = YES;
				CLANG_WARN_OBJC_ROOT_CLASS = YES_ERROR;
				CLANG_WARN_QUOTED_INCLUDE_IN_FRAMEWORK_HEADER = YES;
				CLANG_WARN_RANGE_LOOP_ANALYSIS = YES;
				CLANG_WARN_STRICT_PROTOTYPES = YES;
				CLANG_WARN_SUSPICIOUS_MOVE = YES;
				CLANG_WARN_UNGUARDED_AVAILABILITY = YES_AGGRESSIVE;
				CLANG_WARN_UNREACHABLE_CODE = YES;
				CLANG_WARN__DUPLICATE_METHOD_MATCH = YES;
				COPY_PHASE_STRIP = NO;
				DEBUG_INFORMATION_FORMAT = dwarf;
				ENABLE_STRICT_OBJC_MSGSEND = YES;
				ENABLE_TESTABILITY = YES;
				GCC_C_LANGUAGE_STANDARD = gnu11;
				GCC_DYNAMIC_NO_PIC = NO;
				GCC_NO_COMMON_BLOCKS = YES;
				GCC_OPTIMIZATION_LEVEL = 0;
				GCC_PREPROCESSOR_DEFINITIONS = (
					"DEBUG=1",
					"$(inherited)",
				);
				GCC_WARN_64_TO_32_BIT_CONVERSION = YES;
				GCC_WARN_ABOUT_RETURN_TYPE = YES_ERROR;
				GCC_WARN_UNDECLARED_SELECTOR = YES;
				GCC_WARN_UNINITIALIZED_AUTOS = YES_AGGRESSIVE;
				GCC_WARN_UNUSED_FUNCTION = YES;
				GCC_WARN_UNUSED_VARIABLE = YES;
				IPHONEOS_DEPLOYMENT_TARGET = 16.0;
				MTL_ENABLE_DEBUG_INFO = INCLUDE_SOURCE;
				MTL_FAST_MATH = YES;
				ONLY_ACTIVE_ARCH = YES;
				SDKROOT = iphoneos;
				SWIFT_ACTIVE_COMPILATION_CONDITIONS = DEBUG;
				SWIFT_OPTIMIZATION_LEVEL = "-Onone";
			};
			name = Debug;
		};
		63487F4728E2EA5E0033CF32 /* Release */ = {
			isa = XCBuildConfiguration;
			buildSettings = {
				ALWAYS_SEARCH_USER_PATHS = NO;
				CLANG_ANALYZER_NONNULL = YES;
				CLANG_ANALYZER_NUMBER_OBJECT_CONVERSION = YES_AGGRESSIVE;
				CLANG_CXX_LANGUAGE_STANDARD = "gnu++20";
				CLANG_ENABLE_MODULES = YES;
				CLANG_ENABLE_OBJC_ARC = YES;
				CLANG_ENABLE_OBJC_WEAK = YES;
				CLANG_WARN_BLOCK_CAPTURE_AUTORELEASING = YES;
				CLANG_WARN_BOOL_CONVERSION = YES;
				CLANG_WARN_COMMA = YES;
				CLANG_WARN_CONSTANT_CONVERSION = YES;
				CLANG_WARN_DEPRECATED_OBJC_IMPLEMENTATIONS = YES;
				CLANG_WARN_DIRECT_OBJC_ISA_USAGE = YES_ERROR;
				CLANG_WARN_DOCUMENTATION_COMMENTS = YES;
				CLANG_WARN_EMPTY_BODY = YES;
				CLANG_WARN_ENUM_CONVERSION = YES;
				CLANG_WARN_INFINITE_RECURSION = YES;
				CLANG_WARN_INT_CONVERSION = YES;
				CLANG_WARN_NON_LITERAL_NULL_CONVERSION = YES;
				CLANG_WARN_OBJC_IMPLICIT_RETAIN_SELF = YES;
				CLANG_WARN_OBJC_LITERAL_CONVERSION = YES;
				CLANG_WARN_OBJC_ROOT_CLASS = YES_ERROR;
				CLANG_WARN_QUOTED_INCLUDE_IN_FRAMEWORK_HEADER = YES;
				CLANG_WARN_RANGE_LOOP_ANALYSIS = YES;
				CLANG_WARN_STRICT_PROTOTYPES = YES;
				CLANG_WARN_SUSPICIOUS_MOVE = YES;
				CLANG_WARN_UNGUARDED_AVAILABILITY = YES_AGGRESSIVE;
				CLANG_WARN_UNREACHABLE_CODE = YES;
				CLANG_WARN__DUPLICATE_METHOD_MATCH = YES;
				COPY_PHASE_STRIP = NO;
				DEBUG_INFORMATION_FORMAT = "dwarf-with-dsym";
				ENABLE_NS_ASSERTIONS = NO;
				ENABLE_STRICT_OBJC_MSGSEND = YES;
				GCC_C_LANGUAGE_STANDARD = gnu11;
				GCC_NO_COMMON_BLOCKS = YES;
				GCC_WARN_64_TO_32_BIT_CONVERSION = YES;
				GCC_WARN_ABOUT_RETURN_TYPE = YES_ERROR;
				GCC_WARN_UNDECLARED_SELECTOR = YES;
				GCC_WARN_UNINITIALIZED_AUTOS = YES_AGGRESSIVE;
				GCC_WARN_UNUSED_FUNCTION = YES;
				GCC_WARN_UNUSED_VARIABLE = YES;
				IPHONEOS_DEPLOYMENT_TARGET = 16.0;
				MTL_ENABLE_DEBUG_INFO = NO;
				MTL_FAST_MATH = YES;
				SDKROOT = iphoneos;
				SWIFT_COMPILATION_MODE = wholemodule;
				SWIFT_OPTIMIZATION_LEVEL = "-O";
				VALIDATE_PRODUCT = YES;
			};
			name = Release;
		};
		63487F4928E2EA5E0033CF32 /* Debug */ = {
			isa = XCBuildConfiguration;
			buildSettings = {
				ALWAYS_EMBED_SWIFT_STANDARD_LIBRARIES = YES;
				ASSETCATALOG_COMPILER_APPICON_NAME = AppIcon;
				ASSETCATALOG_COMPILER_GLOBAL_ACCENT_COLOR_NAME = AccentColor;
				CODE_SIGN_STYLE = Automatic;
				CURRENT_PROJECT_VERSION = 1;
				GENERATE_INFOPLIST_FILE = YES;
				INFOPLIST_FILE = "K-Keyboard/Info.plist";
				INFOPLIST_KEY_UIApplicationSupportsIndirectInputEvents = YES;
				INFOPLIST_KEY_UILaunchStoryboardName = LaunchScreen;
				INFOPLIST_KEY_UISupportedInterfaceOrientations_iPad = "UIInterfaceOrientationPortrait UIInterfaceOrientationPortraitUpsideDown UIInterfaceOrientationLandscapeLeft UIInterfaceOrientationLandscapeRight";
				INFOPLIST_KEY_UISupportedInterfaceOrientations_iPhone = "UIInterfaceOrientationPortrait UIInterfaceOrientationLandscapeLeft UIInterfaceOrientationLandscapeRight";
				LD_RUNPATH_SEARCH_PATHS = (
					"$(inherited)",
					"@executable_path/Frameworks",
				);
				MARKETING_VERSION = 1.0;
				PRODUCT_BUNDLE_IDENTIFIER = "net.yagom.K-Keyboard";
				PRODUCT_NAME = "$(TARGET_NAME)";
				SWIFT_EMIT_LOC_STRINGS = YES;
				SWIFT_VERSION = 5.0;
				TARGETED_DEVICE_FAMILY = "1,2";
			};
			name = Debug;
		};
		63487F4A28E2EA5E0033CF32 /* Release */ = {
			isa = XCBuildConfiguration;
			buildSettings = {
				ALWAYS_EMBED_SWIFT_STANDARD_LIBRARIES = YES;
				ASSETCATALOG_COMPILER_APPICON_NAME = AppIcon;
				ASSETCATALOG_COMPILER_GLOBAL_ACCENT_COLOR_NAME = AccentColor;
				CODE_SIGN_STYLE = Automatic;
				CURRENT_PROJECT_VERSION = 1;
				GENERATE_INFOPLIST_FILE = YES;
				INFOPLIST_FILE = "K-Keyboard/Info.plist";
				INFOPLIST_KEY_UIApplicationSupportsIndirectInputEvents = YES;
				INFOPLIST_KEY_UILaunchStoryboardName = LaunchScreen;
				INFOPLIST_KEY_UISupportedInterfaceOrientations_iPad = "UIInterfaceOrientationPortrait UIInterfaceOrientationPortraitUpsideDown UIInterfaceOrientationLandscapeLeft UIInterfaceOrientationLandscapeRight";
				INFOPLIST_KEY_UISupportedInterfaceOrientations_iPhone = "UIInterfaceOrientationPortrait UIInterfaceOrientationLandscapeLeft UIInterfaceOrientationLandscapeRight";
				LD_RUNPATH_SEARCH_PATHS = (
					"$(inherited)",
					"@executable_path/Frameworks",
				);
				MARKETING_VERSION = 1.0;
				PRODUCT_BUNDLE_IDENTIFIER = "net.yagom.K-Keyboard";
				PRODUCT_NAME = "$(TARGET_NAME)";
				SWIFT_EMIT_LOC_STRINGS = YES;
				SWIFT_VERSION = 5.0;
				TARGETED_DEVICE_FAMILY = "1,2";
			};
			name = Release;
		};
/* End XCBuildConfiguration section */

/* Begin XCConfigurationList section */
		40FB998428EDCA8D002AE450 /* Build configuration list for PBXNativeTarget "KorKeyboard" */ = {
			isa = XCConfigurationList;
			buildConfigurations = (
				40FB998228EDCA8D002AE450 /* Debug */,
				40FB998328EDCA8D002AE450 /* Release */,
			);
			defaultConfigurationIsVisible = 0;
			defaultConfigurationName = Release;
		};
		63487F2F28E2EA5E0033CF32 /* Build configuration list for PBXProject "K-Keyboard" */ = {
			isa = XCConfigurationList;
			buildConfigurations = (
				63487F4628E2EA5E0033CF32 /* Debug */,
				63487F4728E2EA5E0033CF32 /* Release */,
			);
			defaultConfigurationIsVisible = 0;
			defaultConfigurationName = Release;
		};
		63487F4828E2EA5E0033CF32 /* Build configuration list for PBXNativeTarget "K-Keyboard" */ = {
			isa = XCConfigurationList;
			buildConfigurations = (
				63487F4928E2EA5E0033CF32 /* Debug */,
				63487F4A28E2EA5E0033CF32 /* Release */,
			);
			defaultConfigurationIsVisible = 0;
			defaultConfigurationName = Release;
		};
/* End XCConfigurationList section */
	};
	rootObject = 63487F2C28E2EA5E0033CF32 /* Project object */;
}
